<?xml version="1.0" encoding="UTF-8" standalone="yes" ?>
<CodeBlocks_project_file>
	<FileVersion major="1" minor="6" />
	<Project>
		<Option title="PyCTP" />
		<Option pch_mode="2" />
		<Option compiler="gcc" />
		<Build>
			<Target title="DebugPy36">
				<Option output="bin/DebugPy36/PyCTP" prefix_auto="0" extension_auto="1" />
				<Option working_dir="bin/DebugPy36" />
				<Option object_output="obj/DebugPy36/" />
				<Option type="3" />
				<Option compiler="gcc" />
				<Option parameters="/data/lab/PyCTP/bin/DebugPy36/test_PyCTP.sh" />
				<Option host_application="/bin/bash" />
				<Option run_host_application_in_terminal="1" />
				<Option createDefFile="1" />
				<Option createStaticLib="1" />
				<Compiler>
					<Add option="-std=c++11" />
					<Add option="-Wall" />
					<Add option="-g" />
					<Add option="-fPIC" />
					<Add option="-Wconversion" />
					<Add directory="/usr/include/python3.6m" />
					<Add directory="/data/lab/PyCTP/ctp/v6.7.9_P1_20250319/api/v6.7.9_P1_20250319_traderapi/v6.7.9_P1_20250319_traderapi/v6.7.9_P1_20250319_api_traderapi_linux64/v6.7.9_P1_20250319_api/v6.7.9_P1_20250319_api_traderapi_se_linux64" />
					<Add directory="/data/lab/PyCTP/ctp/clientdatacollect/sfit_pro_1.0_20220124_1468_FIX/clientdatacollectdll" />
				</Compiler>
				<Linker>
					<Add library="/data/lab/PyCTP/ctp/clientdatacollect/sfit_pro_1.0_20220124_1468_FIX/clientdatacollectdll/linux/libFixLinuxDataCollect.so" />
					<Add library="/data/lab/PyCTP/ctp/v6.7.9_P1_20250319/api/v6.7.9_P1_20250319_traderapi/v6.7.9_P1_20250319_traderapi/v6.7.9_P1_20250319_api_traderapi_linux64/v6.7.9_P1_20250319_api/v6.7.9_P1_20250319_api_traderapi_se_linux64/thostmduserapi_se.so" />
					<Add library="/data/lab/PyCTP/ctp/v6.7.9_P1_20250319/api/v6.7.9_P1_20250319_traderapi/v6.7.9_P1_20250319_traderapi/v6.7.9_P1_20250319_api_traderapi_linux64/v6.7.9_P1_20250319_api/v6.7.9_P1_20250319_api_traderapi_se_linux64/thosttraderapi_se.so" />
				</Linker>
				<ExtraCommands>
					<Add after='cp -u src/test_PyCTP.py &quot;$(TARGET_OUTPUT_DIR)/&quot;' />
					<Add after='cp -u test_PyCTP.sh &quot;$(TARGET_OUTPUT_DIR)/&quot;' />
				</ExtraCommands>
			</Target>
			<Target title="ReleasePy36">
				<Option output="bin/ReleasePy36/PyCTP" prefix_auto="0" extension_auto="1" />
				<Option object_output="obj/ReleasePy36/" />
				<Option type="3" />
				<Option compiler="gcc" />
				<Option parameters="bin/ReleasePy36/test_PyCTP.py" />
				<Option host_application="/usr/bin/python3.6" />
				<Option run_host_application_in_terminal="1" />
				<Option createDefFile="1" />
				<Option createStaticLib="1" />
				<Compiler>
					<Add option="-O2" />
					<Add option="-std=c++11" />
					<Add option="-fPIC" />
					<Add directory="/usr/include/python3.6m" />
					<Add directory="/data/lab/PyCTP/sfit_pro_1.0_20220124_1468_FIX/clientdatacollectdll_生产版" />
				</Compiler>
				<Linker>
					<Add option="-s" />
					<Add library="/data/lab/PyCTP/sfit_pro_1.0_20220124_1468_FIX/clientdatacollectdll_生产版/linux/libFixLinuxDataCollect.so" />
					<Add library="/data/lab/PyCTP/v6.7.9_P1_20250319_traderapi/v6.7.9_P1_20250319_traderapi/v6.7.9_P1_20250319_api_traderapi_linux64/v6.7.9_P1_20250319_api/v6.7.9_P1_20250319_api_traderapi_se_linux64/thostmduserapi_se.so" />
					<Add library="/data/lab/PyCTP/v6.7.9_P1_20250319_traderapi/v6.7.9_P1_20250319_traderapi/v6.7.9_P1_20250319_api_traderapi_linux64/v6.7.9_P1_20250319_api/v6.7.9_P1_20250319_api_traderapi_se_linux64/thosttraderapi_se.so" />
				</Linker>
				<ExtraCommands>
					<Add after='cp -u src/test_PyCTP.py &quot;$(TARGET_OUTPUT_DIR)/&quot;' />
				</ExtraCommands>
			</Target>
			<Target title="DebugPy27">
				<Option output="bin/DebugPy27/PyCTP" prefix_auto="0" extension_auto="1" />
				<Option object_output="obj/DebugPy27/" />
				<Option type="3" />
				<Option compiler="gcc" />
				<Option parameters="bin/DebugPy27/test_PyCTP.py" />
				<Option host_application="/usr/bin/python2.7" />
				<Option run_host_application_in_terminal="1" />
				<Option createDefFile="1" />
				<Option createStaticLib="1" />
				<Compiler>
					<Add option="-std=c++11" />
					<Add option="-g" />
					<Add option="-fPIC" />
					<Add directory="/usr/include/python2.7" />
					<Add directory="/data/lab/PyCTP/ctp/clientdatacollect/sfit_pro_1.0_20220124_1468_FIX/clientdatacollectdll" />
					<Add directory="/data/lab/PyCTP/ctp/v6.7.9_P1_20250319/api/v6.7.9_P1_20250319_traderapi/v6.7.9_P1_20250319_traderapi/v6.7.9_P1_20250319_api_traderapi_linux64/v6.7.9_P1_20250319_api/v6.7.9_P1_20250319_api_traderapi_se_linux64" />
				</Compiler>
				<Linker>
					<Add library="/data/lab/PyCTP/ctp/clientdatacollect/sfit_pro_1.0_20220124_1468_FIX/clientdatacollectdll/linux/libFixLinuxDataCollect.so" />
					<Add library="/data/lab/PyCTP/ctp/v6.7.9_P1_20250319/api/v6.7.9_P1_20250319_traderapi/v6.7.9_P1_20250319_traderapi/v6.7.9_P1_20250319_api_traderapi_linux64/v6.7.9_P1_20250319_api/v6.7.9_P1_20250319_api_traderapi_se_linux64/thostmduserapi_se.so" />
					<Add library="/data/lab/PyCTP/ctp/v6.7.9_P1_20250319/api/v6.7.9_P1_20250319_traderapi/v6.7.9_P1_20250319_traderapi/v6.7.9_P1_20250319_api_traderapi_linux64/v6.7.9_P1_20250319_api/v6.7.9_P1_20250319_api_traderapi_se_linux64/thosttraderapi_se.so" />
				</Linker>
				<ExtraCommands>
					<Add after='cp -u src/test_PyCTP.py &quot;$(TARGET_OUTPUT_DIR)/&quot;' />
				</ExtraCommands>
			</Target>
		</Build>
		<Compiler>
			<Add option="-Wall" />
			<Add option="-fexceptions" />
		</Compiler>
		<Unit filename="src/MdApi.cpp" />
		<Unit filename="src/MdApi.cpp.template" />
		<Unit filename="src/MdApi.h" />
		<Unit filename="src/PyCTP.cpp">
			<Option compilerVar="CC" />
		</Unit>
		<Unit filename="src/TraderApi.cpp" />
		<Unit filename="src/TraderApi.cpp.template" />
		<Unit filename="src/TraderApi.h" />
		<Unit filename="src/UserApiDataType.cpp" />
		<Unit filename="src/UserApiDataType.cpp.template" />
		<Unit filename="src/UserApiDataType.h" />
		<Unit filename="src/UserApiStruct.cpp" />
		<Unit filename="src/UserApiStruct.cpp.template" />
		<Unit filename="src/UserApiStruct.cpp_all.template" />
		<Unit filename="src/UserApiStruct.h" />
		<Unit filename="src/UserApiStruct.h.template" />
		<Unit filename="src/UserApiStruct.h_all.template" />
		<Unit filename="src/UserApiStruct/PyCThostFtdcAccountPropertyField.cpp" />
		<Unit filename="src/UserApiStruct/PyCThostFtdcAccountPropertyField.h" />
		<Unit filename="src/UserApiStruct/PyCThostFtdcAccountregisterField.cpp" />
		<Unit filename="src/UserApiStruct/PyCThostFtdcAccountregisterField.h" />
		<Unit filename="src/UserApiStruct/PyCThostFtdcAddrAppIDRelationField.cpp" />
		<Unit filename="src/UserApiStruct/PyCThostFtdcAddrAppIDRelationField.h" />
		<Unit filename="src/UserApiStruct/PyCThostFtdcAppIDAuthAssignField.cpp" />
		<Unit filename="src/UserApiStruct/PyCThostFtdcAppIDAuthAssignField.h" />
		<Unit filename="src/UserApiStruct/PyCThostFtdcAuthForbiddenIPField.cpp" />
		<Unit filename="src/UserApiStruct/PyCThostFtdcAuthForbiddenIPField.h" />
		<Unit filename="src/UserApiStruct/PyCThostFtdcAuthIPField.cpp" />
		<Unit filename="src/UserApiStruct/PyCThostFtdcAuthIPField.h" />
		<Unit filename="src/UserApiStruct/PyCThostFtdcAuthUserIDField.cpp" />
		<Unit filename="src/UserApiStruct/PyCThostFtdcAuthUserIDField.h" />
		<Unit filename="src/UserApiStruct/PyCThostFtdcAuthenticationInfoField.cpp" />
		<Unit filename="src/UserApiStruct/PyCThostFtdcAuthenticationInfoField.h" />
		<Unit filename="src/UserApiStruct/PyCThostFtdcBatchOrderActionField.cpp" />
		<Unit filename="src/UserApiStruct/PyCThostFtdcBatchOrderActionField.h" />
		<Unit filename="src/UserApiStruct/PyCThostFtdcBrokerDepositField.cpp" />
		<Unit filename="src/UserApiStruct/PyCThostFtdcBrokerDepositField.h" />
		<Unit filename="src/UserApiStruct/PyCThostFtdcBrokerField.cpp" />
		<Unit filename="src/UserApiStruct/PyCThostFtdcBrokerField.h" />
		<Unit filename="src/UserApiStruct/PyCThostFtdcBrokerSyncField.cpp" />
		<Unit filename="src/UserApiStruct/PyCThostFtdcBrokerSyncField.h" />
		<Unit filename="src/UserApiStruct/PyCThostFtdcBrokerTradingAlgosField.cpp" />
		<Unit filename="src/UserApiStruct/PyCThostFtdcBrokerTradingAlgosField.h" />
		<Unit filename="src/UserApiStruct/PyCThostFtdcBrokerTradingParamsField.cpp" />
		<Unit filename="src/UserApiStruct/PyCThostFtdcBrokerTradingParamsField.h" />
		<Unit filename="src/UserApiStruct/PyCThostFtdcBrokerUserEventField.cpp" />
		<Unit filename="src/UserApiStruct/PyCThostFtdcBrokerUserEventField.h" />
		<Unit filename="src/UserApiStruct/PyCThostFtdcBrokerUserField.cpp" />
		<Unit filename="src/UserApiStruct/PyCThostFtdcBrokerUserField.h" />
		<Unit filename="src/UserApiStruct/PyCThostFtdcBrokerUserFunctionField.cpp" />
		<Unit filename="src/UserApiStruct/PyCThostFtdcBrokerUserFunctionField.h" />
		<Unit filename="src/UserApiStruct/PyCThostFtdcBrokerUserOTPParamField.cpp" />
		<Unit filename="src/UserApiStruct/PyCThostFtdcBrokerUserOTPParamField.h" />
		<Unit filename="src/UserApiStruct/PyCThostFtdcBrokerUserPasswordField.cpp" />
		<Unit filename="src/UserApiStruct/PyCThostFtdcBrokerUserPasswordField.h" />
		<Unit filename="src/UserApiStruct/PyCThostFtdcBrokerUserRightAssignField.cpp" />
		<Unit filename="src/UserApiStruct/PyCThostFtdcBrokerUserRightAssignField.h" />
		<Unit filename="src/UserApiStruct/PyCThostFtdcBrokerWithdrawAlgorithmField.cpp" />
		<Unit filename="src/UserApiStruct/PyCThostFtdcBrokerWithdrawAlgorithmField.h" />
		<Unit filename="src/UserApiStruct/PyCThostFtdcBulletinField.cpp" />
		<Unit filename="src/UserApiStruct/PyCThostFtdcBulletinField.h" />
		<Unit filename="src/UserApiStruct/PyCThostFtdcCFMMCBrokerKeyField.cpp" />
		<Unit filename="src/UserApiStruct/PyCThostFtdcCFMMCBrokerKeyField.h" />
		<Unit filename="src/UserApiStruct/PyCThostFtdcCFMMCTradingAccountKeyField.cpp" />
		<Unit filename="src/UserApiStruct/PyCThostFtdcCFMMCTradingAccountKeyField.h" />
		<Unit filename="src/UserApiStruct/PyCThostFtdcCFMMCTradingAccountTokenField.cpp" />
		<Unit filename="src/UserApiStruct/PyCThostFtdcCFMMCTradingAccountTokenField.h" />
		<Unit filename="src/UserApiStruct/PyCThostFtdcCancelAccountField.cpp" />
		<Unit filename="src/UserApiStruct/PyCThostFtdcCancelAccountField.h" />
		<Unit filename="src/UserApiStruct/PyCThostFtdcCancelOffsetSettingField.cpp" />
		<Unit filename="src/UserApiStruct/PyCThostFtdcCancelOffsetSettingField.h" />
		<Unit filename="src/UserApiStruct/PyCThostFtdcChangeAccountField.cpp" />
		<Unit filename="src/UserApiStruct/PyCThostFtdcChangeAccountField.h" />
		<Unit filename="src/UserApiStruct/PyCThostFtdcCombActionField.cpp" />
		<Unit filename="src/UserApiStruct/PyCThostFtdcCombActionField.h" />
		<Unit filename="src/UserApiStruct/PyCThostFtdcCombInstrumentGuardField.cpp" />
		<Unit filename="src/UserApiStruct/PyCThostFtdcCombInstrumentGuardField.h" />
		<Unit filename="src/UserApiStruct/PyCThostFtdcCombLegField.cpp" />
		<Unit filename="src/UserApiStruct/PyCThostFtdcCombLegField.h" />
		<Unit filename="src/UserApiStruct/PyCThostFtdcCombPromotionParamField.cpp" />
		<Unit filename="src/UserApiStruct/PyCThostFtdcCombPromotionParamField.h" />
		<Unit filename="src/UserApiStruct/PyCThostFtdcCombinationLegField.cpp" />
		<Unit filename="src/UserApiStruct/PyCThostFtdcCombinationLegField.h" />
		<Unit filename="src/UserApiStruct/PyCThostFtdcCommPhaseField.cpp" />
		<Unit filename="src/UserApiStruct/PyCThostFtdcCommPhaseField.h" />
		<Unit filename="src/UserApiStruct/PyCThostFtdcCommRateModelField.cpp" />
		<Unit filename="src/UserApiStruct/PyCThostFtdcCommRateModelField.h" />
		<Unit filename="src/UserApiStruct/PyCThostFtdcContractBankField.cpp" />
		<Unit filename="src/UserApiStruct/PyCThostFtdcContractBankField.h" />
		<Unit filename="src/UserApiStruct/PyCThostFtdcCurrDRIdentityField.cpp" />
		<Unit filename="src/UserApiStruct/PyCThostFtdcCurrDRIdentityField.h" />
		<Unit filename="src/UserApiStruct/PyCThostFtdcCurrTransferIdentityField.cpp" />
		<Unit filename="src/UserApiStruct/PyCThostFtdcCurrTransferIdentityField.h" />
		<Unit filename="src/UserApiStruct/PyCThostFtdcCurrentTimeField.cpp" />
		<Unit filename="src/UserApiStruct/PyCThostFtdcCurrentTimeField.h" />
		<Unit filename="src/UserApiStruct/PyCThostFtdcDRTransferField.cpp" />
		<Unit filename="src/UserApiStruct/PyCThostFtdcDRTransferField.h" />
		<Unit filename="src/UserApiStruct/PyCThostFtdcDepartmentUserField.cpp" />
		<Unit filename="src/UserApiStruct/PyCThostFtdcDepartmentUserField.h" />
		<Unit filename="src/UserApiStruct/PyCThostFtdcDepositResultInformField.cpp" />
		<Unit filename="src/UserApiStruct/PyCThostFtdcDepositResultInformField.h" />
		<Unit filename="src/UserApiStruct/PyCThostFtdcDepthMarketDataField.cpp" />
		<Unit filename="src/UserApiStruct/PyCThostFtdcDepthMarketDataField.h" />
		<Unit filename="src/UserApiStruct/PyCThostFtdcDiscountField.cpp" />
		<Unit filename="src/UserApiStruct/PyCThostFtdcDiscountField.h" />
		<Unit filename="src/UserApiStruct/PyCThostFtdcDisseminationField.cpp" />
		<Unit filename="src/UserApiStruct/PyCThostFtdcDisseminationField.h" />
		<Unit filename="src/UserApiStruct/PyCThostFtdcEWarrantOffsetField.cpp" />
		<Unit filename="src/UserApiStruct/PyCThostFtdcEWarrantOffsetField.h" />
		<Unit filename="src/UserApiStruct/PyCThostFtdcErrExecOrderActionField.cpp" />
		<Unit filename="src/UserApiStruct/PyCThostFtdcErrExecOrderActionField.h" />
		<Unit filename="src/UserApiStruct/PyCThostFtdcErrExecOrderField.cpp" />
		<Unit filename="src/UserApiStruct/PyCThostFtdcErrExecOrderField.h" />
		<Unit filename="src/UserApiStruct/PyCThostFtdcErrOrderActionField.cpp" />
		<Unit filename="src/UserApiStruct/PyCThostFtdcErrOrderActionField.h" />
		<Unit filename="src/UserApiStruct/PyCThostFtdcErrOrderField.cpp" />
		<Unit filename="src/UserApiStruct/PyCThostFtdcErrOrderField.h" />
		<Unit filename="src/UserApiStruct/PyCThostFtdcErrorConditionalOrderField.cpp" />
		<Unit filename="src/UserApiStruct/PyCThostFtdcErrorConditionalOrderField.h" />
		<Unit filename="src/UserApiStruct/PyCThostFtdcExchangeBatchOrderActionField.cpp" />
		<Unit filename="src/UserApiStruct/PyCThostFtdcExchangeBatchOrderActionField.h" />
		<Unit filename="src/UserApiStruct/PyCThostFtdcExchangeCombActionField.cpp" />
		<Unit filename="src/UserApiStruct/PyCThostFtdcExchangeCombActionField.h" />
		<Unit filename="src/UserApiStruct/PyCThostFtdcExchangeExecOrderActionField.cpp" />
		<Unit filename="src/UserApiStruct/PyCThostFtdcExchangeExecOrderActionField.h" />
		<Unit filename="src/UserApiStruct/PyCThostFtdcExchangeExecOrderField.cpp" />
		<Unit filename="src/UserApiStruct/PyCThostFtdcExchangeExecOrderField.h" />
		<Unit filename="src/UserApiStruct/PyCThostFtdcExchangeField.cpp" />
		<Unit filename="src/UserApiStruct/PyCThostFtdcExchangeField.h" />
		<Unit filename="src/UserApiStruct/PyCThostFtdcExchangeForQuoteField.cpp" />
		<Unit filename="src/UserApiStruct/PyCThostFtdcExchangeForQuoteField.h" />
		<Unit filename="src/UserApiStruct/PyCThostFtdcExchangeMarginRateAdjustField.cpp" />
		<Unit filename="src/UserApiStruct/PyCThostFtdcExchangeMarginRateAdjustField.h" />
		<Unit filename="src/UserApiStruct/PyCThostFtdcExchangeMarginRateField.cpp" />
		<Unit filename="src/UserApiStruct/PyCThostFtdcExchangeMarginRateField.h" />
		<Unit filename="src/UserApiStruct/PyCThostFtdcExchangeOptionSelfCloseActionField.cpp" />
		<Unit filename="src/UserApiStruct/PyCThostFtdcExchangeOptionSelfCloseActionField.h" />
		<Unit filename="src/UserApiStruct/PyCThostFtdcExchangeOptionSelfCloseField.cpp" />
		<Unit filename="src/UserApiStruct/PyCThostFtdcExchangeOptionSelfCloseField.h" />
		<Unit filename="src/UserApiStruct/PyCThostFtdcExchangeOrderActionErrorField.cpp" />
		<Unit filename="src/UserApiStruct/PyCThostFtdcExchangeOrderActionErrorField.h" />
		<Unit filename="src/UserApiStruct/PyCThostFtdcExchangeOrderActionField.cpp" />
		<Unit filename="src/UserApiStruct/PyCThostFtdcExchangeOrderActionField.h" />
		<Unit filename="src/UserApiStruct/PyCThostFtdcExchangeOrderField.cpp" />
		<Unit filename="src/UserApiStruct/PyCThostFtdcExchangeOrderField.h" />
		<Unit filename="src/UserApiStruct/PyCThostFtdcExchangeOrderInsertErrorField.cpp" />
		<Unit filename="src/UserApiStruct/PyCThostFtdcExchangeOrderInsertErrorField.h" />
		<Unit filename="src/UserApiStruct/PyCThostFtdcExchangeQuoteActionField.cpp" />
		<Unit filename="src/UserApiStruct/PyCThostFtdcExchangeQuoteActionField.h" />
		<Unit filename="src/UserApiStruct/PyCThostFtdcExchangeQuoteField.cpp" />
		<Unit filename="src/UserApiStruct/PyCThostFtdcExchangeQuoteField.h" />
		<Unit filename="src/UserApiStruct/PyCThostFtdcExchangeRateField.cpp" />
		<Unit filename="src/UserApiStruct/PyCThostFtdcExchangeRateField.h" />
		<Unit filename="src/UserApiStruct/PyCThostFtdcExchangeSequenceField.cpp" />
		<Unit filename="src/UserApiStruct/PyCThostFtdcExchangeSequenceField.h" />
		<Unit filename="src/UserApiStruct/PyCThostFtdcExchangeTradeField.cpp" />
		<Unit filename="src/UserApiStruct/PyCThostFtdcExchangeTradeField.h" />
		<Unit filename="src/UserApiStruct/PyCThostFtdcExecOrderActionField.cpp" />
		<Unit filename="src/UserApiStruct/PyCThostFtdcExecOrderActionField.h" />
		<Unit filename="src/UserApiStruct/PyCThostFtdcExecOrderField.cpp" />
		<Unit filename="src/UserApiStruct/PyCThostFtdcExecOrderField.h" />
		<Unit filename="src/UserApiStruct/PyCThostFtdcExitEmergencyField.cpp" />
		<Unit filename="src/UserApiStruct/PyCThostFtdcExitEmergencyField.h" />
		<Unit filename="src/UserApiStruct/PyCThostFtdcFensUserInfoField.cpp" />
		<Unit filename="src/UserApiStruct/PyCThostFtdcFensUserInfoField.h" />
		<Unit filename="src/UserApiStruct/PyCThostFtdcForQuoteField.cpp" />
		<Unit filename="src/UserApiStruct/PyCThostFtdcForQuoteField.h" />
		<Unit filename="src/UserApiStruct/PyCThostFtdcForQuoteParamField.cpp" />
		<Unit filename="src/UserApiStruct/PyCThostFtdcForQuoteParamField.h" />
		<Unit filename="src/UserApiStruct/PyCThostFtdcForQuoteRspField.cpp" />
		<Unit filename="src/UserApiStruct/PyCThostFtdcForQuoteRspField.h" />
		<Unit filename="src/UserApiStruct/PyCThostFtdcForceUserLogoutField.cpp" />
		<Unit filename="src/UserApiStruct/PyCThostFtdcForceUserLogoutField.h" />
		<Unit filename="src/UserApiStruct/PyCThostFtdcFrontInfoField.cpp" />
		<Unit filename="src/UserApiStruct/PyCThostFtdcFrontInfoField.h" />
		<Unit filename="src/UserApiStruct/PyCThostFtdcFrontStatusField.cpp" />
		<Unit filename="src/UserApiStruct/PyCThostFtdcFrontStatusField.h" />
		<Unit filename="src/UserApiStruct/PyCThostFtdcFutureLimitPosiParamField.cpp" />
		<Unit filename="src/UserApiStruct/PyCThostFtdcFutureLimitPosiParamField.h" />
		<Unit filename="src/UserApiStruct/PyCThostFtdcFutureSignIOField.cpp" />
		<Unit filename="src/UserApiStruct/PyCThostFtdcFutureSignIOField.h" />
		<Unit filename="src/UserApiStruct/PyCThostFtdcIPListField.cpp" />
		<Unit filename="src/UserApiStruct/PyCThostFtdcIPListField.h" />
		<Unit filename="src/UserApiStruct/PyCThostFtdcIndexPriceField.cpp" />
		<Unit filename="src/UserApiStruct/PyCThostFtdcIndexPriceField.h" />
		<Unit filename="src/UserApiStruct/PyCThostFtdcInputBatchOrderActionField.cpp" />
		<Unit filename="src/UserApiStruct/PyCThostFtdcInputBatchOrderActionField.h" />
		<Unit filename="src/UserApiStruct/PyCThostFtdcInputCombActionField.cpp" />
		<Unit filename="src/UserApiStruct/PyCThostFtdcInputCombActionField.h" />
		<Unit filename="src/UserApiStruct/PyCThostFtdcInputExecOrderActionField.cpp" />
		<Unit filename="src/UserApiStruct/PyCThostFtdcInputExecOrderActionField.h" />
		<Unit filename="src/UserApiStruct/PyCThostFtdcInputExecOrderField.cpp" />
		<Unit filename="src/UserApiStruct/PyCThostFtdcInputExecOrderField.h" />
		<Unit filename="src/UserApiStruct/PyCThostFtdcInputForQuoteField.cpp" />
		<Unit filename="src/UserApiStruct/PyCThostFtdcInputForQuoteField.h" />
		<Unit filename="src/UserApiStruct/PyCThostFtdcInputOffsetSettingField.cpp" />
		<Unit filename="src/UserApiStruct/PyCThostFtdcInputOffsetSettingField.h" />
		<Unit filename="src/UserApiStruct/PyCThostFtdcInputOptionSelfCloseActionField.cpp" />
		<Unit filename="src/UserApiStruct/PyCThostFtdcInputOptionSelfCloseActionField.h" />
		<Unit filename="src/UserApiStruct/PyCThostFtdcInputOptionSelfCloseField.cpp" />
		<Unit filename="src/UserApiStruct/PyCThostFtdcInputOptionSelfCloseField.h" />
		<Unit filename="src/UserApiStruct/PyCThostFtdcInputOrderActionField.cpp" />
		<Unit filename="src/UserApiStruct/PyCThostFtdcInputOrderActionField.h" />
		<Unit filename="src/UserApiStruct/PyCThostFtdcInputOrderField.cpp" />
		<Unit filename="src/UserApiStruct/PyCThostFtdcInputOrderField.h" />
		<Unit filename="src/UserApiStruct/PyCThostFtdcInputQuoteActionField.cpp" />
		<Unit filename="src/UserApiStruct/PyCThostFtdcInputQuoteActionField.h" />
		<Unit filename="src/UserApiStruct/PyCThostFtdcInputQuoteField.cpp" />
		<Unit filename="src/UserApiStruct/PyCThostFtdcInputQuoteField.h" />
		<Unit filename="src/UserApiStruct/PyCThostFtdcInstrumentCommissionRateField.cpp" />
		<Unit filename="src/UserApiStruct/PyCThostFtdcInstrumentCommissionRateField.h" />
		<Unit filename="src/UserApiStruct/PyCThostFtdcInstrumentField.cpp" />
		<Unit filename="src/UserApiStruct/PyCThostFtdcInstrumentField.h" />
		<Unit filename="src/UserApiStruct/PyCThostFtdcInstrumentMarginRateAdjustField.cpp" />
		<Unit filename="src/UserApiStruct/PyCThostFtdcInstrumentMarginRateAdjustField.h" />
		<Unit filename="src/UserApiStruct/PyCThostFtdcInstrumentMarginRateField.cpp" />
		<Unit filename="src/UserApiStruct/PyCThostFtdcInstrumentMarginRateField.h" />
		<Unit filename="src/UserApiStruct/PyCThostFtdcInstrumentMarginRateULField.cpp" />
		<Unit filename="src/UserApiStruct/PyCThostFtdcInstrumentMarginRateULField.h" />
		<Unit filename="src/UserApiStruct/PyCThostFtdcInstrumentOrderCommRateField.cpp" />
		<Unit filename="src/UserApiStruct/PyCThostFtdcInstrumentOrderCommRateField.h" />
		<Unit filename="src/UserApiStruct/PyCThostFtdcInstrumentStatusField.cpp" />
		<Unit filename="src/UserApiStruct/PyCThostFtdcInstrumentStatusField.h" />
		<Unit filename="src/UserApiStruct/PyCThostFtdcInstrumentTradingRightField.cpp" />
		<Unit filename="src/UserApiStruct/PyCThostFtdcInstrumentTradingRightField.h" />
		<Unit filename="src/UserApiStruct/PyCThostFtdcInvestUnitField.cpp" />
		<Unit filename="src/UserApiStruct/PyCThostFtdcInvestUnitField.h" />
		<Unit filename="src/UserApiStruct/PyCThostFtdcInvestorAccountField.cpp" />
		<Unit filename="src/UserApiStruct/PyCThostFtdcInvestorAccountField.h" />
		<Unit filename="src/UserApiStruct/PyCThostFtdcInvestorCommodityGroupSPMMMarginField.cpp" />
		<Unit filename="src/UserApiStruct/PyCThostFtdcInvestorCommodityGroupSPMMMarginField.h" />
		<Unit filename="src/UserApiStruct/PyCThostFtdcInvestorCommoditySPMMMarginField.cpp" />
		<Unit filename="src/UserApiStruct/PyCThostFtdcInvestorCommoditySPMMMarginField.h" />
		<Unit filename="src/UserApiStruct/PyCThostFtdcInvestorField.cpp" />
		<Unit filename="src/UserApiStruct/PyCThostFtdcInvestorField.h" />
		<Unit filename="src/UserApiStruct/PyCThostFtdcInvestorGroupField.cpp" />
		<Unit filename="src/UserApiStruct/PyCThostFtdcInvestorGroupField.h" />
		<Unit filename="src/UserApiStruct/PyCThostFtdcInvestorInfoCntSettingField.cpp" />
		<Unit filename="src/UserApiStruct/PyCThostFtdcInvestorInfoCntSettingField.h" />
		<Unit filename="src/UserApiStruct/PyCThostFtdcInvestorInfoCommRecField.cpp" />
		<Unit filename="src/UserApiStruct/PyCThostFtdcInvestorInfoCommRecField.h" />
		<Unit filename="src/UserApiStruct/PyCThostFtdcInvestorPortfMarginModelField.cpp" />
		<Unit filename="src/UserApiStruct/PyCThostFtdcInvestorPortfMarginModelField.h" />
		<Unit filename="src/UserApiStruct/PyCThostFtdcInvestorPortfMarginRatioField.cpp" />
		<Unit filename="src/UserApiStruct/PyCThostFtdcInvestorPortfMarginRatioField.h" />
		<Unit filename="src/UserApiStruct/PyCThostFtdcInvestorPortfSettingField.cpp" />
		<Unit filename="src/UserApiStruct/PyCThostFtdcInvestorPortfSettingField.h" />
		<Unit filename="src/UserApiStruct/PyCThostFtdcInvestorPositionCombineDetailField.cpp" />
		<Unit filename="src/UserApiStruct/PyCThostFtdcInvestorPositionCombineDetailField.h" />
		<Unit filename="src/UserApiStruct/PyCThostFtdcInvestorPositionDetailField.cpp" />
		<Unit filename="src/UserApiStruct/PyCThostFtdcInvestorPositionDetailField.h" />
		<Unit filename="src/UserApiStruct/PyCThostFtdcInvestorPositionField.cpp" />
		<Unit filename="src/UserApiStruct/PyCThostFtdcInvestorPositionField.h" />
		<Unit filename="src/UserApiStruct/PyCThostFtdcInvestorProdRCAMSMarginField.cpp" />
		<Unit filename="src/UserApiStruct/PyCThostFtdcInvestorProdRCAMSMarginField.h" />
		<Unit filename="src/UserApiStruct/PyCThostFtdcInvestorProdRULEMarginField.cpp" />
		<Unit filename="src/UserApiStruct/PyCThostFtdcInvestorProdRULEMarginField.h" />
		<Unit filename="src/UserApiStruct/PyCThostFtdcInvestorProdSPBMDetailField.cpp" />
		<Unit filename="src/UserApiStruct/PyCThostFtdcInvestorProdSPBMDetailField.h" />
		<Unit filename="src/UserApiStruct/PyCThostFtdcInvestorProductGroupMarginField.cpp" />
		<Unit filename="src/UserApiStruct/PyCThostFtdcInvestorProductGroupMarginField.h" />
		<Unit filename="src/UserApiStruct/PyCThostFtdcInvestorTradingRightField.cpp" />
		<Unit filename="src/UserApiStruct/PyCThostFtdcInvestorTradingRightField.h" />
		<Unit filename="src/UserApiStruct/PyCThostFtdcInvestorWithdrawAlgorithmField.cpp" />
		<Unit filename="src/UserApiStruct/PyCThostFtdcInvestorWithdrawAlgorithmField.h" />
		<Unit filename="src/UserApiStruct/PyCThostFtdcIpAddrParamField.cpp" />
		<Unit filename="src/UserApiStruct/PyCThostFtdcIpAddrParamField.h" />
		<Unit filename="src/UserApiStruct/PyCThostFtdcLinkManField.cpp" />
		<Unit filename="src/UserApiStruct/PyCThostFtdcLinkManField.h" />
		<Unit filename="src/UserApiStruct/PyCThostFtdcLoadSettlementInfoField.cpp" />
		<Unit filename="src/UserApiStruct/PyCThostFtdcLoadSettlementInfoField.h" />
		<Unit filename="src/UserApiStruct/PyCThostFtdcLocalAddrConfigField.cpp" />
		<Unit filename="src/UserApiStruct/PyCThostFtdcLocalAddrConfigField.h" />
		<Unit filename="src/UserApiStruct/PyCThostFtdcLoginForbiddenIPField.cpp" />
		<Unit filename="src/UserApiStruct/PyCThostFtdcLoginForbiddenIPField.h" />
		<Unit filename="src/UserApiStruct/PyCThostFtdcLoginForbiddenUserField.cpp" />
		<Unit filename="src/UserApiStruct/PyCThostFtdcLoginForbiddenUserField.h" />
		<Unit filename="src/UserApiStruct/PyCThostFtdcLoginInfoField.cpp" />
		<Unit filename="src/UserApiStruct/PyCThostFtdcLoginInfoField.h" />
		<Unit filename="src/UserApiStruct/PyCThostFtdcLogoutAllField.cpp" />
		<Unit filename="src/UserApiStruct/PyCThostFtdcLogoutAllField.h" />
		<Unit filename="src/UserApiStruct/PyCThostFtdcMDTraderOfferField.cpp" />
		<Unit filename="src/UserApiStruct/PyCThostFtdcMDTraderOfferField.h" />
		<Unit filename="src/UserApiStruct/PyCThostFtdcMMInstrumentCommissionRateField.cpp" />
		<Unit filename="src/UserApiStruct/PyCThostFtdcMMInstrumentCommissionRateField.h" />
		<Unit filename="src/UserApiStruct/PyCThostFtdcMMOptionInstrCommRateField.cpp" />
		<Unit filename="src/UserApiStruct/PyCThostFtdcMMOptionInstrCommRateField.h" />
		<Unit filename="src/UserApiStruct/PyCThostFtdcManualSyncBrokerUserOTPField.cpp" />
		<Unit filename="src/UserApiStruct/PyCThostFtdcManualSyncBrokerUserOTPField.h" />
		<Unit filename="src/UserApiStruct/PyCThostFtdcMarginModelField.cpp" />
		<Unit filename="src/UserApiStruct/PyCThostFtdcMarginModelField.h" />
		<Unit filename="src/UserApiStruct/PyCThostFtdcMarketDataAsk23Field.cpp" />
		<Unit filename="src/UserApiStruct/PyCThostFtdcMarketDataAsk23Field.h" />
		<Unit filename="src/UserApiStruct/PyCThostFtdcMarketDataAsk45Field.cpp" />
		<Unit filename="src/UserApiStruct/PyCThostFtdcMarketDataAsk45Field.h" />
		<Unit filename="src/UserApiStruct/PyCThostFtdcMarketDataAveragePriceField.cpp" />
		<Unit filename="src/UserApiStruct/PyCThostFtdcMarketDataAveragePriceField.h" />
		<Unit filename="src/UserApiStruct/PyCThostFtdcMarketDataBandingPriceField.cpp" />
		<Unit filename="src/UserApiStruct/PyCThostFtdcMarketDataBandingPriceField.h" />
		<Unit filename="src/UserApiStruct/PyCThostFtdcMarketDataBaseField.cpp" />
		<Unit filename="src/UserApiStruct/PyCThostFtdcMarketDataBaseField.h" />
		<Unit filename="src/UserApiStruct/PyCThostFtdcMarketDataBestPriceField.cpp" />
		<Unit filename="src/UserApiStruct/PyCThostFtdcMarketDataBestPriceField.h" />
		<Unit filename="src/UserApiStruct/PyCThostFtdcMarketDataBid23Field.cpp" />
		<Unit filename="src/UserApiStruct/PyCThostFtdcMarketDataBid23Field.h" />
		<Unit filename="src/UserApiStruct/PyCThostFtdcMarketDataBid45Field.cpp" />
		<Unit filename="src/UserApiStruct/PyCThostFtdcMarketDataBid45Field.h" />
		<Unit filename="src/UserApiStruct/PyCThostFtdcMarketDataExchangeField.cpp" />
		<Unit filename="src/UserApiStruct/PyCThostFtdcMarketDataExchangeField.h" />
		<Unit filename="src/UserApiStruct/PyCThostFtdcMarketDataField.cpp" />
		<Unit filename="src/UserApiStruct/PyCThostFtdcMarketDataField.h" />
		<Unit filename="src/UserApiStruct/PyCThostFtdcMarketDataLastMatchField.cpp" />
		<Unit filename="src/UserApiStruct/PyCThostFtdcMarketDataLastMatchField.h" />
		<Unit filename="src/UserApiStruct/PyCThostFtdcMarketDataStaticField.cpp" />
		<Unit filename="src/UserApiStruct/PyCThostFtdcMarketDataStaticField.h" />
		<Unit filename="src/UserApiStruct/PyCThostFtdcMarketDataUpdateTimeField.cpp" />
		<Unit filename="src/UserApiStruct/PyCThostFtdcMarketDataUpdateTimeField.h" />
		<Unit filename="src/UserApiStruct/PyCThostFtdcMortgageParamField.cpp" />
		<Unit filename="src/UserApiStruct/PyCThostFtdcMortgageParamField.h" />
		<Unit filename="src/UserApiStruct/PyCThostFtdcMulticastInstrumentField.cpp" />
		<Unit filename="src/UserApiStruct/PyCThostFtdcMulticastInstrumentField.h" />
		<Unit filename="src/UserApiStruct/PyCThostFtdcNoticeField.cpp" />
		<Unit filename="src/UserApiStruct/PyCThostFtdcNoticeField.h" />
		<Unit filename="src/UserApiStruct/PyCThostFtdcNotifyFutureSignInField.cpp" />
		<Unit filename="src/UserApiStruct/PyCThostFtdcNotifyFutureSignInField.h" />
		<Unit filename="src/UserApiStruct/PyCThostFtdcNotifyFutureSignOutField.cpp" />
		<Unit filename="src/UserApiStruct/PyCThostFtdcNotifyFutureSignOutField.h" />
		<Unit filename="src/UserApiStruct/PyCThostFtdcNotifyQueryAccountField.cpp" />
		<Unit filename="src/UserApiStruct/PyCThostFtdcNotifyQueryAccountField.h" />
		<Unit filename="src/UserApiStruct/PyCThostFtdcNotifyQueryFutureAccountBySecField.cpp" />
		<Unit filename="src/UserApiStruct/PyCThostFtdcNotifyQueryFutureAccountBySecField.h" />
		<Unit filename="src/UserApiStruct/PyCThostFtdcNotifySyncKeyField.cpp" />
		<Unit filename="src/UserApiStruct/PyCThostFtdcNotifySyncKeyField.h" />
		<Unit filename="src/UserApiStruct/PyCThostFtdcOffsetSettingField.cpp" />
		<Unit filename="src/UserApiStruct/PyCThostFtdcOffsetSettingField.h" />
		<Unit filename="src/UserApiStruct/PyCThostFtdcOpenAccountField.cpp" />
		<Unit filename="src/UserApiStruct/PyCThostFtdcOpenAccountField.h" />
		<Unit filename="src/UserApiStruct/PyCThostFtdcOptionInstrCommRateField.cpp" />
		<Unit filename="src/UserApiStruct/PyCThostFtdcOptionInstrCommRateField.h" />
		<Unit filename="src/UserApiStruct/PyCThostFtdcOptionInstrDeltaField.cpp" />
		<Unit filename="src/UserApiStruct/PyCThostFtdcOptionInstrDeltaField.h" />
		<Unit filename="src/UserApiStruct/PyCThostFtdcOptionInstrMarginAdjustField.cpp" />
		<Unit filename="src/UserApiStruct/PyCThostFtdcOptionInstrMarginAdjustField.h" />
		<Unit filename="src/UserApiStruct/PyCThostFtdcOptionInstrMiniMarginField.cpp" />
		<Unit filename="src/UserApiStruct/PyCThostFtdcOptionInstrMiniMarginField.h" />
		<Unit filename="src/UserApiStruct/PyCThostFtdcOptionInstrTradeCostField.cpp" />
		<Unit filename="src/UserApiStruct/PyCThostFtdcOptionInstrTradeCostField.h" />
		<Unit filename="src/UserApiStruct/PyCThostFtdcOptionInstrTradingRightField.cpp" />
		<Unit filename="src/UserApiStruct/PyCThostFtdcOptionInstrTradingRightField.h" />
		<Unit filename="src/UserApiStruct/PyCThostFtdcOptionSelfCloseActionField.cpp" />
		<Unit filename="src/UserApiStruct/PyCThostFtdcOptionSelfCloseActionField.h" />
		<Unit filename="src/UserApiStruct/PyCThostFtdcOptionSelfCloseField.cpp" />
		<Unit filename="src/UserApiStruct/PyCThostFtdcOptionSelfCloseField.h" />
		<Unit filename="src/UserApiStruct/PyCThostFtdcOrderActionField.cpp" />
		<Unit filename="src/UserApiStruct/PyCThostFtdcOrderActionField.h" />
		<Unit filename="src/UserApiStruct/PyCThostFtdcOrderField.cpp" />
		<Unit filename="src/UserApiStruct/PyCThostFtdcOrderField.h" />
		<Unit filename="src/UserApiStruct/PyCThostFtdcParkedOrderActionField.cpp" />
		<Unit filename="src/UserApiStruct/PyCThostFtdcParkedOrderActionField.h" />
		<Unit filename="src/UserApiStruct/PyCThostFtdcParkedOrderField.cpp" />
		<Unit filename="src/UserApiStruct/PyCThostFtdcParkedOrderField.h" />
		<Unit filename="src/UserApiStruct/PyCThostFtdcPartBrokerField.cpp" />
		<Unit filename="src/UserApiStruct/PyCThostFtdcPartBrokerField.h" />
		<Unit filename="src/UserApiStruct/PyCThostFtdcPortfTradeParamSettingField.cpp" />
		<Unit filename="src/UserApiStruct/PyCThostFtdcPortfTradeParamSettingField.h" />
		<Unit filename="src/UserApiStruct/PyCThostFtdcPositionProfitAlgorithmField.cpp" />
		<Unit filename="src/UserApiStruct/PyCThostFtdcPositionProfitAlgorithmField.h" />
		<Unit filename="src/UserApiStruct/PyCThostFtdcProductExchRateField.cpp" />
		<Unit filename="src/UserApiStruct/PyCThostFtdcProductExchRateField.h" />
		<Unit filename="src/UserApiStruct/PyCThostFtdcProductField.cpp" />
		<Unit filename="src/UserApiStruct/PyCThostFtdcProductField.h" />
		<Unit filename="src/UserApiStruct/PyCThostFtdcProductGroupField.cpp" />
		<Unit filename="src/UserApiStruct/PyCThostFtdcProductGroupField.h" />
		<Unit filename="src/UserApiStruct/PyCThostFtdcQryAccountregisterField.cpp" />
		<Unit filename="src/UserApiStruct/PyCThostFtdcQryAccountregisterField.h" />
		<Unit filename="src/UserApiStruct/PyCThostFtdcQryAddrAppIDRelationField.cpp" />
		<Unit filename="src/UserApiStruct/PyCThostFtdcQryAddrAppIDRelationField.h" />
		<Unit filename="src/UserApiStruct/PyCThostFtdcQryAuthForbiddenIPField.cpp" />
		<Unit filename="src/UserApiStruct/PyCThostFtdcQryAuthForbiddenIPField.h" />
		<Unit filename="src/UserApiStruct/PyCThostFtdcQryBatchOrderActionField.cpp" />
		<Unit filename="src/UserApiStruct/PyCThostFtdcQryBatchOrderActionField.h" />
		<Unit filename="src/UserApiStruct/PyCThostFtdcQryBrokerField.cpp" />
		<Unit filename="src/UserApiStruct/PyCThostFtdcQryBrokerField.h" />
		<Unit filename="src/UserApiStruct/PyCThostFtdcQryBrokerTradingAlgosField.cpp" />
		<Unit filename="src/UserApiStruct/PyCThostFtdcQryBrokerTradingAlgosField.h" />
		<Unit filename="src/UserApiStruct/PyCThostFtdcQryBrokerTradingParamsField.cpp" />
		<Unit filename="src/UserApiStruct/PyCThostFtdcQryBrokerTradingParamsField.h" />
		<Unit filename="src/UserApiStruct/PyCThostFtdcQryBrokerUserEventField.cpp" />
		<Unit filename="src/UserApiStruct/PyCThostFtdcQryBrokerUserEventField.h" />
		<Unit filename="src/UserApiStruct/PyCThostFtdcQryBrokerUserField.cpp" />
		<Unit filename="src/UserApiStruct/PyCThostFtdcQryBrokerUserField.h" />
		<Unit filename="src/UserApiStruct/PyCThostFtdcQryBrokerUserFunctionField.cpp" />
		<Unit filename="src/UserApiStruct/PyCThostFtdcQryBrokerUserFunctionField.h" />
		<Unit filename="src/UserApiStruct/PyCThostFtdcQryBulletinField.cpp" />
		<Unit filename="src/UserApiStruct/PyCThostFtdcQryBulletinField.h" />
		<Unit filename="src/UserApiStruct/PyCThostFtdcQryCFMMCBrokerKeyField.cpp" />
		<Unit filename="src/UserApiStruct/PyCThostFtdcQryCFMMCBrokerKeyField.h" />
		<Unit filename="src/UserApiStruct/PyCThostFtdcQryCFMMCTradingAccountKeyField.cpp" />
		<Unit filename="src/UserApiStruct/PyCThostFtdcQryCFMMCTradingAccountKeyField.h" />
		<Unit filename="src/UserApiStruct/PyCThostFtdcQryClassifiedInstrumentField.cpp" />
		<Unit filename="src/UserApiStruct/PyCThostFtdcQryClassifiedInstrumentField.h" />
		<Unit filename="src/UserApiStruct/PyCThostFtdcQryCombActionField.cpp" />
		<Unit filename="src/UserApiStruct/PyCThostFtdcQryCombActionField.h" />
		<Unit filename="src/UserApiStruct/PyCThostFtdcQryCombInstrumentGuardField.cpp" />
		<Unit filename="src/UserApiStruct/PyCThostFtdcQryCombInstrumentGuardField.h" />
		<Unit filename="src/UserApiStruct/PyCThostFtdcQryCombLegField.cpp" />
		<Unit filename="src/UserApiStruct/PyCThostFtdcQryCombLegField.h" />
		<Unit filename="src/UserApiStruct/PyCThostFtdcQryCombPromotionParamField.cpp" />
		<Unit filename="src/UserApiStruct/PyCThostFtdcQryCombPromotionParamField.h" />
		<Unit filename="src/UserApiStruct/PyCThostFtdcQryCombinationLegField.cpp" />
		<Unit filename="src/UserApiStruct/PyCThostFtdcQryCombinationLegField.h" />
		<Unit filename="src/UserApiStruct/PyCThostFtdcQryCommRateModelField.cpp" />
		<Unit filename="src/UserApiStruct/PyCThostFtdcQryCommRateModelField.h" />
		<Unit filename="src/UserApiStruct/PyCThostFtdcQryContractBankField.cpp" />
		<Unit filename="src/UserApiStruct/PyCThostFtdcQryContractBankField.h" />
		<Unit filename="src/UserApiStruct/PyCThostFtdcQryCurrDRIdentityField.cpp" />
		<Unit filename="src/UserApiStruct/PyCThostFtdcQryCurrDRIdentityField.h" />
		<Unit filename="src/UserApiStruct/PyCThostFtdcQryDepthMarketDataField.cpp" />
		<Unit filename="src/UserApiStruct/PyCThostFtdcQryDepthMarketDataField.h" />
		<Unit filename="src/UserApiStruct/PyCThostFtdcQryEWarrantOffsetField.cpp" />
		<Unit filename="src/UserApiStruct/PyCThostFtdcQryEWarrantOffsetField.h" />
		<Unit filename="src/UserApiStruct/PyCThostFtdcQryErrExecOrderActionField.cpp" />
		<Unit filename="src/UserApiStruct/PyCThostFtdcQryErrExecOrderActionField.h" />
		<Unit filename="src/UserApiStruct/PyCThostFtdcQryErrExecOrderField.cpp" />
		<Unit filename="src/UserApiStruct/PyCThostFtdcQryErrExecOrderField.h" />
		<Unit filename="src/UserApiStruct/PyCThostFtdcQryErrOrderActionField.cpp" />
		<Unit filename="src/UserApiStruct/PyCThostFtdcQryErrOrderActionField.h" />
		<Unit filename="src/UserApiStruct/PyCThostFtdcQryErrOrderField.cpp" />
		<Unit filename="src/UserApiStruct/PyCThostFtdcQryErrOrderField.h" />
		<Unit filename="src/UserApiStruct/PyCThostFtdcQryExchangeCombActionField.cpp" />
		<Unit filename="src/UserApiStruct/PyCThostFtdcQryExchangeCombActionField.h" />
		<Unit filename="src/UserApiStruct/PyCThostFtdcQryExchangeExecOrderActionField.cpp" />
		<Unit filename="src/UserApiStruct/PyCThostFtdcQryExchangeExecOrderActionField.h" />
		<Unit filename="src/UserApiStruct/PyCThostFtdcQryExchangeExecOrderField.cpp" />
		<Unit filename="src/UserApiStruct/PyCThostFtdcQryExchangeExecOrderField.h" />
		<Unit filename="src/UserApiStruct/PyCThostFtdcQryExchangeField.cpp" />
		<Unit filename="src/UserApiStruct/PyCThostFtdcQryExchangeField.h" />
		<Unit filename="src/UserApiStruct/PyCThostFtdcQryExchangeForQuoteField.cpp" />
		<Unit filename="src/UserApiStruct/PyCThostFtdcQryExchangeForQuoteField.h" />
		<Unit filename="src/UserApiStruct/PyCThostFtdcQryExchangeMarginRateAdjustField.cpp" />
		<Unit filename="src/UserApiStruct/PyCThostFtdcQryExchangeMarginRateAdjustField.h" />
		<Unit filename="src/UserApiStruct/PyCThostFtdcQryExchangeMarginRateField.cpp" />
		<Unit filename="src/UserApiStruct/PyCThostFtdcQryExchangeMarginRateField.h" />
		<Unit filename="src/UserApiStruct/PyCThostFtdcQryExchangeOrderActionField.cpp" />
		<Unit filename="src/UserApiStruct/PyCThostFtdcQryExchangeOrderActionField.h" />
		<Unit filename="src/UserApiStruct/PyCThostFtdcQryExchangeOrderField.cpp" />
		<Unit filename="src/UserApiStruct/PyCThostFtdcQryExchangeOrderField.h" />
		<Unit filename="src/UserApiStruct/PyCThostFtdcQryExchangeQuoteActionField.cpp" />
		<Unit filename="src/UserApiStruct/PyCThostFtdcQryExchangeQuoteActionField.h" />
		<Unit filename="src/UserApiStruct/PyCThostFtdcQryExchangeQuoteField.cpp" />
		<Unit filename="src/UserApiStruct/PyCThostFtdcQryExchangeQuoteField.h" />
		<Unit filename="src/UserApiStruct/PyCThostFtdcQryExchangeRateField.cpp" />
		<Unit filename="src/UserApiStruct/PyCThostFtdcQryExchangeRateField.h" />
		<Unit filename="src/UserApiStruct/PyCThostFtdcQryExchangeSequenceField.cpp" />
		<Unit filename="src/UserApiStruct/PyCThostFtdcQryExchangeSequenceField.h" />
		<Unit filename="src/UserApiStruct/PyCThostFtdcQryExecOrderActionField.cpp" />
		<Unit filename="src/UserApiStruct/PyCThostFtdcQryExecOrderActionField.h" />
		<Unit filename="src/UserApiStruct/PyCThostFtdcQryExecOrderField.cpp" />
		<Unit filename="src/UserApiStruct/PyCThostFtdcQryExecOrderField.h" />
		<Unit filename="src/UserApiStruct/PyCThostFtdcQryForQuoteField.cpp" />
		<Unit filename="src/UserApiStruct/PyCThostFtdcQryForQuoteField.h" />
		<Unit filename="src/UserApiStruct/PyCThostFtdcQryForQuoteParamField.cpp" />
		<Unit filename="src/UserApiStruct/PyCThostFtdcQryForQuoteParamField.h" />
		<Unit filename="src/UserApiStruct/PyCThostFtdcQryFrontStatusField.cpp" />
		<Unit filename="src/UserApiStruct/PyCThostFtdcQryFrontStatusField.h" />
		<Unit filename="src/UserApiStruct/PyCThostFtdcQryHisOrderField.cpp" />
		<Unit filename="src/UserApiStruct/PyCThostFtdcQryHisOrderField.h" />
		<Unit filename="src/UserApiStruct/PyCThostFtdcQryIPListField.cpp" />
		<Unit filename="src/UserApiStruct/PyCThostFtdcQryIPListField.h" />
		<Unit filename="src/UserApiStruct/PyCThostFtdcQryInstrumentCommissionRateField.cpp" />
		<Unit filename="src/UserApiStruct/PyCThostFtdcQryInstrumentCommissionRateField.h" />
		<Unit filename="src/UserApiStruct/PyCThostFtdcQryInstrumentField.cpp" />
		<Unit filename="src/UserApiStruct/PyCThostFtdcQryInstrumentField.h" />
		<Unit filename="src/UserApiStruct/PyCThostFtdcQryInstrumentMarginRateField.cpp" />
		<Unit filename="src/UserApiStruct/PyCThostFtdcQryInstrumentMarginRateField.h" />
		<Unit filename="src/UserApiStruct/PyCThostFtdcQryInstrumentOrderCommRateField.cpp" />
		<Unit filename="src/UserApiStruct/PyCThostFtdcQryInstrumentOrderCommRateField.h" />
		<Unit filename="src/UserApiStruct/PyCThostFtdcQryInstrumentStatusField.cpp" />
		<Unit filename="src/UserApiStruct/PyCThostFtdcQryInstrumentStatusField.h" />
		<Unit filename="src/UserApiStruct/PyCThostFtdcQryInstrumentTradingRightField.cpp" />
		<Unit filename="src/UserApiStruct/PyCThostFtdcQryInstrumentTradingRightField.h" />
		<Unit filename="src/UserApiStruct/PyCThostFtdcQryInvestUnitField.cpp" />
		<Unit filename="src/UserApiStruct/PyCThostFtdcQryInvestUnitField.h" />
		<Unit filename="src/UserApiStruct/PyCThostFtdcQryInvestorCommodityGroupSPMMMarginField.cpp" />
		<Unit filename="src/UserApiStruct/PyCThostFtdcQryInvestorCommodityGroupSPMMMarginField.h" />
		<Unit filename="src/UserApiStruct/PyCThostFtdcQryInvestorCommoditySPMMMarginField.cpp" />
		<Unit filename="src/UserApiStruct/PyCThostFtdcQryInvestorCommoditySPMMMarginField.h" />
		<Unit filename="src/UserApiStruct/PyCThostFtdcQryInvestorField.cpp" />
		<Unit filename="src/UserApiStruct/PyCThostFtdcQryInvestorField.h" />
		<Unit filename="src/UserApiStruct/PyCThostFtdcQryInvestorGroupField.cpp" />
		<Unit filename="src/UserApiStruct/PyCThostFtdcQryInvestorGroupField.h" />
		<Unit filename="src/UserApiStruct/PyCThostFtdcQryInvestorInfoCommRecField.cpp" />
		<Unit filename="src/UserApiStruct/PyCThostFtdcQryInvestorInfoCommRecField.h" />
		<Unit filename="src/UserApiStruct/PyCThostFtdcQryInvestorPortfMarginRatioField.cpp" />
		<Unit filename="src/UserApiStruct/PyCThostFtdcQryInvestorPortfMarginRatioField.h" />
		<Unit filename="src/UserApiStruct/PyCThostFtdcQryInvestorPortfSettingField.cpp" />
		<Unit filename="src/UserApiStruct/PyCThostFtdcQryInvestorPortfSettingField.h" />
		<Unit filename="src/UserApiStruct/PyCThostFtdcQryInvestorPositionCombineDetailField.cpp" />
		<Unit filename="src/UserApiStruct/PyCThostFtdcQryInvestorPositionCombineDetailField.h" />
		<Unit filename="src/UserApiStruct/PyCThostFtdcQryInvestorPositionDetailField.cpp" />
		<Unit filename="src/UserApiStruct/PyCThostFtdcQryInvestorPositionDetailField.h" />
		<Unit filename="src/UserApiStruct/PyCThostFtdcQryInvestorPositionField.cpp" />
		<Unit filename="src/UserApiStruct/PyCThostFtdcQryInvestorPositionField.h" />
		<Unit filename="src/UserApiStruct/PyCThostFtdcQryInvestorProdRCAMSMarginField.cpp" />
		<Unit filename="src/UserApiStruct/PyCThostFtdcQryInvestorProdRCAMSMarginField.h" />
		<Unit filename="src/UserApiStruct/PyCThostFtdcQryInvestorProdRULEMarginField.cpp" />
		<Unit filename="src/UserApiStruct/PyCThostFtdcQryInvestorProdRULEMarginField.h" />
		<Unit filename="src/UserApiStruct/PyCThostFtdcQryInvestorProdSPBMDetailField.cpp" />
		<Unit filename="src/UserApiStruct/PyCThostFtdcQryInvestorProdSPBMDetailField.h" />
		<Unit filename="src/UserApiStruct/PyCThostFtdcQryInvestorProductGroupMarginField.cpp" />
		<Unit filename="src/UserApiStruct/PyCThostFtdcQryInvestorProductGroupMarginField.h" />
		<Unit filename="src/UserApiStruct/PyCThostFtdcQryIpAddrParamField.cpp" />
		<Unit filename="src/UserApiStruct/PyCThostFtdcQryIpAddrParamField.h" />
		<Unit filename="src/UserApiStruct/PyCThostFtdcQryLinkManField.cpp" />
		<Unit filename="src/UserApiStruct/PyCThostFtdcQryLinkManField.h" />
		<Unit filename="src/UserApiStruct/PyCThostFtdcQryLocalAddrConfigField.cpp" />
		<Unit filename="src/UserApiStruct/PyCThostFtdcQryLocalAddrConfigField.h" />
		<Unit filename="src/UserApiStruct/PyCThostFtdcQryLoginForbiddenIPField.cpp" />
		<Unit filename="src/UserApiStruct/PyCThostFtdcQryLoginForbiddenIPField.h" />
		<Unit filename="src/UserApiStruct/PyCThostFtdcQryLoginForbiddenUserField.cpp" />
		<Unit filename="src/UserApiStruct/PyCThostFtdcQryLoginForbiddenUserField.h" />
		<Unit filename="src/UserApiStruct/PyCThostFtdcQryMDTraderOfferField.cpp" />
		<Unit filename="src/UserApiStruct/PyCThostFtdcQryMDTraderOfferField.h" />
		<Unit filename="src/UserApiStruct/PyCThostFtdcQryMMInstrumentCommissionRateField.cpp" />
		<Unit filename="src/UserApiStruct/PyCThostFtdcQryMMInstrumentCommissionRateField.h" />
		<Unit filename="src/UserApiStruct/PyCThostFtdcQryMMOptionInstrCommRateField.cpp" />
		<Unit filename="src/UserApiStruct/PyCThostFtdcQryMMOptionInstrCommRateField.h" />
		<Unit filename="src/UserApiStruct/PyCThostFtdcQryMarginModelField.cpp" />
		<Unit filename="src/UserApiStruct/PyCThostFtdcQryMarginModelField.h" />
		<Unit filename="src/UserApiStruct/PyCThostFtdcQryMaxOrderVolumeField.cpp" />
		<Unit filename="src/UserApiStruct/PyCThostFtdcQryMaxOrderVolumeField.h" />
		<Unit filename="src/UserApiStruct/PyCThostFtdcQryMaxOrderVolumeWithPriceField.cpp" />
		<Unit filename="src/UserApiStruct/PyCThostFtdcQryMaxOrderVolumeWithPriceField.h" />
		<Unit filename="src/UserApiStruct/PyCThostFtdcQryMulticastInstrumentField.cpp" />
		<Unit filename="src/UserApiStruct/PyCThostFtdcQryMulticastInstrumentField.h" />
		<Unit filename="src/UserApiStruct/PyCThostFtdcQryNoticeField.cpp" />
		<Unit filename="src/UserApiStruct/PyCThostFtdcQryNoticeField.h" />
		<Unit filename="src/UserApiStruct/PyCThostFtdcQryOffsetSettingField.cpp" />
		<Unit filename="src/UserApiStruct/PyCThostFtdcQryOffsetSettingField.h" />
		<Unit filename="src/UserApiStruct/PyCThostFtdcQryOptionInstrCommRateField.cpp" />
		<Unit filename="src/UserApiStruct/PyCThostFtdcQryOptionInstrCommRateField.h" />
		<Unit filename="src/UserApiStruct/PyCThostFtdcQryOptionInstrTradeCostField.cpp" />
		<Unit filename="src/UserApiStruct/PyCThostFtdcQryOptionInstrTradeCostField.h" />
		<Unit filename="src/UserApiStruct/PyCThostFtdcQryOptionInstrTradingRightField.cpp" />
		<Unit filename="src/UserApiStruct/PyCThostFtdcQryOptionInstrTradingRightField.h" />
		<Unit filename="src/UserApiStruct/PyCThostFtdcQryOptionSelfCloseActionField.cpp" />
		<Unit filename="src/UserApiStruct/PyCThostFtdcQryOptionSelfCloseActionField.h" />
		<Unit filename="src/UserApiStruct/PyCThostFtdcQryOptionSelfCloseField.cpp" />
		<Unit filename="src/UserApiStruct/PyCThostFtdcQryOptionSelfCloseField.h" />
		<Unit filename="src/UserApiStruct/PyCThostFtdcQryOrderActionField.cpp" />
		<Unit filename="src/UserApiStruct/PyCThostFtdcQryOrderActionField.h" />
		<Unit filename="src/UserApiStruct/PyCThostFtdcQryOrderField.cpp" />
		<Unit filename="src/UserApiStruct/PyCThostFtdcQryOrderField.h" />
		<Unit filename="src/UserApiStruct/PyCThostFtdcQryParkedOrderActionField.cpp" />
		<Unit filename="src/UserApiStruct/PyCThostFtdcQryParkedOrderActionField.h" />
		<Unit filename="src/UserApiStruct/PyCThostFtdcQryParkedOrderField.cpp" />
		<Unit filename="src/UserApiStruct/PyCThostFtdcQryParkedOrderField.h" />
		<Unit filename="src/UserApiStruct/PyCThostFtdcQryPartBrokerField.cpp" />
		<Unit filename="src/UserApiStruct/PyCThostFtdcQryPartBrokerField.h" />
		<Unit filename="src/UserApiStruct/PyCThostFtdcQryProductExchRateField.cpp" />
		<Unit filename="src/UserApiStruct/PyCThostFtdcQryProductExchRateField.h" />
		<Unit filename="src/UserApiStruct/PyCThostFtdcQryProductField.cpp" />
		<Unit filename="src/UserApiStruct/PyCThostFtdcQryProductField.h" />
		<Unit filename="src/UserApiStruct/PyCThostFtdcQryProductGroupField.cpp" />
		<Unit filename="src/UserApiStruct/PyCThostFtdcQryProductGroupField.h" />
		<Unit filename="src/UserApiStruct/PyCThostFtdcQryQuoteActionField.cpp" />
		<Unit filename="src/UserApiStruct/PyCThostFtdcQryQuoteActionField.h" />
		<Unit filename="src/UserApiStruct/PyCThostFtdcQryQuoteField.cpp" />
		<Unit filename="src/UserApiStruct/PyCThostFtdcQryQuoteField.h" />
		<Unit filename="src/UserApiStruct/PyCThostFtdcQryRCAMSCombProductInfoField.cpp" />
		<Unit filename="src/UserApiStruct/PyCThostFtdcQryRCAMSCombProductInfoField.h" />
		<Unit filename="src/UserApiStruct/PyCThostFtdcQryRCAMSInstrParameterField.cpp" />
		<Unit filename="src/UserApiStruct/PyCThostFtdcQryRCAMSInstrParameterField.h" />
		<Unit filename="src/UserApiStruct/PyCThostFtdcQryRCAMSInterParameterField.cpp" />
		<Unit filename="src/UserApiStruct/PyCThostFtdcQryRCAMSInterParameterField.h" />
		<Unit filename="src/UserApiStruct/PyCThostFtdcQryRCAMSIntraParameterField.cpp" />
		<Unit filename="src/UserApiStruct/PyCThostFtdcQryRCAMSIntraParameterField.h" />
		<Unit filename="src/UserApiStruct/PyCThostFtdcQryRCAMSInvestorCombPositionField.cpp" />
		<Unit filename="src/UserApiStruct/PyCThostFtdcQryRCAMSInvestorCombPositionField.h" />
		<Unit filename="src/UserApiStruct/PyCThostFtdcQryRCAMSShortOptAdjustParamField.cpp" />
		<Unit filename="src/UserApiStruct/PyCThostFtdcQryRCAMSShortOptAdjustParamField.h" />
		<Unit filename="src/UserApiStruct/PyCThostFtdcQryRULEInstrParameterField.cpp" />
		<Unit filename="src/UserApiStruct/PyCThostFtdcQryRULEInstrParameterField.h" />
		<Unit filename="src/UserApiStruct/PyCThostFtdcQryRULEInterParameterField.cpp" />
		<Unit filename="src/UserApiStruct/PyCThostFtdcQryRULEInterParameterField.h" />
		<Unit filename="src/UserApiStruct/PyCThostFtdcQryRULEIntraParameterField.cpp" />
		<Unit filename="src/UserApiStruct/PyCThostFtdcQryRULEIntraParameterField.h" />
		<Unit filename="src/UserApiStruct/PyCThostFtdcQryRiskSettleInvstPositionField.cpp" />
		<Unit filename="src/UserApiStruct/PyCThostFtdcQryRiskSettleInvstPositionField.h" />
		<Unit filename="src/UserApiStruct/PyCThostFtdcQryRiskSettleProductStatusField.cpp" />
		<Unit filename="src/UserApiStruct/PyCThostFtdcQryRiskSettleProductStatusField.h" />
		<Unit filename="src/UserApiStruct/PyCThostFtdcQrySPBMAddOnInterParameterField.cpp" />
		<Unit filename="src/UserApiStruct/PyCThostFtdcQrySPBMAddOnInterParameterField.h" />
		<Unit filename="src/UserApiStruct/PyCThostFtdcQrySPBMFutureParameterField.cpp" />
		<Unit filename="src/UserApiStruct/PyCThostFtdcQrySPBMFutureParameterField.h" />
		<Unit filename="src/UserApiStruct/PyCThostFtdcQrySPBMInterParameterField.cpp" />
		<Unit filename="src/UserApiStruct/PyCThostFtdcQrySPBMInterParameterField.h" />
		<Unit filename="src/UserApiStruct/PyCThostFtdcQrySPBMIntraParameterField.cpp" />
		<Unit filename="src/UserApiStruct/PyCThostFtdcQrySPBMIntraParameterField.h" />
		<Unit filename="src/UserApiStruct/PyCThostFtdcQrySPBMInvestorPortfDefField.cpp" />
		<Unit filename="src/UserApiStruct/PyCThostFtdcQrySPBMInvestorPortfDefField.h" />
		<Unit filename="src/UserApiStruct/PyCThostFtdcQrySPBMOptionParameterField.cpp" />
		<Unit filename="src/UserApiStruct/PyCThostFtdcQrySPBMOptionParameterField.h" />
		<Unit filename="src/UserApiStruct/PyCThostFtdcQrySPBMPortfDefinitionField.cpp" />
		<Unit filename="src/UserApiStruct/PyCThostFtdcQrySPBMPortfDefinitionField.h" />
		<Unit filename="src/UserApiStruct/PyCThostFtdcQrySPMMInstParamField.cpp" />
		<Unit filename="src/UserApiStruct/PyCThostFtdcQrySPMMInstParamField.h" />
		<Unit filename="src/UserApiStruct/PyCThostFtdcQrySPMMProductParamField.cpp" />
		<Unit filename="src/UserApiStruct/PyCThostFtdcQrySPMMProductParamField.h" />
		<Unit filename="src/UserApiStruct/PyCThostFtdcQrySecAgentACIDMapField.cpp" />
		<Unit filename="src/UserApiStruct/PyCThostFtdcQrySecAgentACIDMapField.h" />
		<Unit filename="src/UserApiStruct/PyCThostFtdcQrySecAgentCheckModeField.cpp" />
		<Unit filename="src/UserApiStruct/PyCThostFtdcQrySecAgentCheckModeField.h" />
		<Unit filename="src/UserApiStruct/PyCThostFtdcQrySecAgentTradeInfoField.cpp" />
		<Unit filename="src/UserApiStruct/PyCThostFtdcQrySecAgentTradeInfoField.h" />
		<Unit filename="src/UserApiStruct/PyCThostFtdcQrySettlementInfoConfirmField.cpp" />
		<Unit filename="src/UserApiStruct/PyCThostFtdcQrySettlementInfoConfirmField.h" />
		<Unit filename="src/UserApiStruct/PyCThostFtdcQrySettlementInfoField.cpp" />
		<Unit filename="src/UserApiStruct/PyCThostFtdcQrySettlementInfoField.h" />
		<Unit filename="src/UserApiStruct/PyCThostFtdcQryStrikeOffsetField.cpp" />
		<Unit filename="src/UserApiStruct/PyCThostFtdcQryStrikeOffsetField.h" />
		<Unit filename="src/UserApiStruct/PyCThostFtdcQrySuperUserField.cpp" />
		<Unit filename="src/UserApiStruct/PyCThostFtdcQrySuperUserField.h" />
		<Unit filename="src/UserApiStruct/PyCThostFtdcQrySuperUserFunctionField.cpp" />
		<Unit filename="src/UserApiStruct/PyCThostFtdcQrySuperUserFunctionField.h" />
		<Unit filename="src/UserApiStruct/PyCThostFtdcQrySyncDelaySwapField.cpp" />
		<Unit filename="src/UserApiStruct/PyCThostFtdcQrySyncDelaySwapField.h" />
		<Unit filename="src/UserApiStruct/PyCThostFtdcQrySyncDepositField.cpp" />
		<Unit filename="src/UserApiStruct/PyCThostFtdcQrySyncDepositField.h" />
		<Unit filename="src/UserApiStruct/PyCThostFtdcQrySyncFundMortgageField.cpp" />
		<Unit filename="src/UserApiStruct/PyCThostFtdcQrySyncFundMortgageField.h" />
		<Unit filename="src/UserApiStruct/PyCThostFtdcQrySyncStatusField.cpp" />
		<Unit filename="src/UserApiStruct/PyCThostFtdcQrySyncStatusField.h" />
		<Unit filename="src/UserApiStruct/PyCThostFtdcQryTGIpAddrParamField.cpp" />
		<Unit filename="src/UserApiStruct/PyCThostFtdcQryTGIpAddrParamField.h" />
		<Unit filename="src/UserApiStruct/PyCThostFtdcQryThostUserFunctionField.cpp" />
		<Unit filename="src/UserApiStruct/PyCThostFtdcQryThostUserFunctionField.h" />
		<Unit filename="src/UserApiStruct/PyCThostFtdcQryTradeField.cpp" />
		<Unit filename="src/UserApiStruct/PyCThostFtdcQryTradeField.h" />
		<Unit filename="src/UserApiStruct/PyCThostFtdcQryTraderAssignField.cpp" />
		<Unit filename="src/UserApiStruct/PyCThostFtdcQryTraderAssignField.h" />
		<Unit filename="src/UserApiStruct/PyCThostFtdcQryTraderField.cpp" />
		<Unit filename="src/UserApiStruct/PyCThostFtdcQryTraderField.h" />
		<Unit filename="src/UserApiStruct/PyCThostFtdcQryTraderOfferField.cpp" />
		<Unit filename="src/UserApiStruct/PyCThostFtdcQryTraderOfferField.h" />
		<Unit filename="src/UserApiStruct/PyCThostFtdcQryTradingAccountField.cpp" />
		<Unit filename="src/UserApiStruct/PyCThostFtdcQryTradingAccountField.h" />
		<Unit filename="src/UserApiStruct/PyCThostFtdcQryTradingCodeField.cpp" />
		<Unit filename="src/UserApiStruct/PyCThostFtdcQryTradingCodeField.h" />
		<Unit filename="src/UserApiStruct/PyCThostFtdcQryTradingNoticeField.cpp" />
		<Unit filename="src/UserApiStruct/PyCThostFtdcQryTradingNoticeField.h" />
		<Unit filename="src/UserApiStruct/PyCThostFtdcQryTransferBankField.cpp" />
		<Unit filename="src/UserApiStruct/PyCThostFtdcQryTransferBankField.h" />
		<Unit filename="src/UserApiStruct/PyCThostFtdcQryTransferSerialField.cpp" />
		<Unit filename="src/UserApiStruct/PyCThostFtdcQryTransferSerialField.h" />
		<Unit filename="src/UserApiStruct/PyCThostFtdcQryUserRightsAssignField.cpp" />
		<Unit filename="src/UserApiStruct/PyCThostFtdcQryUserRightsAssignField.h" />
		<Unit filename="src/UserApiStruct/PyCThostFtdcQryUserSessionField.cpp" />
		<Unit filename="src/UserApiStruct/PyCThostFtdcQryUserSessionField.h" />
		<Unit filename="src/UserApiStruct/PyCThostFtdcQueryBrokerDepositField.cpp" />
		<Unit filename="src/UserApiStruct/PyCThostFtdcQueryBrokerDepositField.h" />
		<Unit filename="src/UserApiStruct/PyCThostFtdcQueryCFMMCTradingAccountTokenField.cpp" />
		<Unit filename="src/UserApiStruct/PyCThostFtdcQueryCFMMCTradingAccountTokenField.h" />
		<Unit filename="src/UserApiStruct/PyCThostFtdcQueryFreqField.cpp" />
		<Unit filename="src/UserApiStruct/PyCThostFtdcQueryFreqField.h" />
		<Unit filename="src/UserApiStruct/PyCThostFtdcQuoteActionField.cpp" />
		<Unit filename="src/UserApiStruct/PyCThostFtdcQuoteActionField.h" />
		<Unit filename="src/UserApiStruct/PyCThostFtdcQuoteField.cpp" />
		<Unit filename="src/UserApiStruct/PyCThostFtdcQuoteField.h" />
		<Unit filename="src/UserApiStruct/PyCThostFtdcRCAMSCombProductInfoField.cpp" />
		<Unit filename="src/UserApiStruct/PyCThostFtdcRCAMSCombProductInfoField.h" />
		<Unit filename="src/UserApiStruct/PyCThostFtdcRCAMSInstrParameterField.cpp" />
		<Unit filename="src/UserApiStruct/PyCThostFtdcRCAMSInstrParameterField.h" />
		<Unit filename="src/UserApiStruct/PyCThostFtdcRCAMSInterParameterField.cpp" />
		<Unit filename="src/UserApiStruct/PyCThostFtdcRCAMSInterParameterField.h" />
		<Unit filename="src/UserApiStruct/PyCThostFtdcRCAMSIntraParameterField.cpp" />
		<Unit filename="src/UserApiStruct/PyCThostFtdcRCAMSIntraParameterField.h" />
		<Unit filename="src/UserApiStruct/PyCThostFtdcRCAMSInvestorCombPositionField.cpp" />
		<Unit filename="src/UserApiStruct/PyCThostFtdcRCAMSInvestorCombPositionField.h" />
		<Unit filename="src/UserApiStruct/PyCThostFtdcRCAMSShortOptAdjustParamField.cpp" />
		<Unit filename="src/UserApiStruct/PyCThostFtdcRCAMSShortOptAdjustParamField.h" />
		<Unit filename="src/UserApiStruct/PyCThostFtdcRULEInstrParameterField.cpp" />
		<Unit filename="src/UserApiStruct/PyCThostFtdcRULEInstrParameterField.h" />
		<Unit filename="src/UserApiStruct/PyCThostFtdcRULEInterParameterField.cpp" />
		<Unit filename="src/UserApiStruct/PyCThostFtdcRULEInterParameterField.h" />
		<Unit filename="src/UserApiStruct/PyCThostFtdcRULEIntraParameterField.cpp" />
		<Unit filename="src/UserApiStruct/PyCThostFtdcRULEIntraParameterField.h" />
		<Unit filename="src/UserApiStruct/PyCThostFtdcRemoveParkedOrderActionField.cpp" />
		<Unit filename="src/UserApiStruct/PyCThostFtdcRemoveParkedOrderActionField.h" />
		<Unit filename="src/UserApiStruct/PyCThostFtdcRemoveParkedOrderField.cpp" />
		<Unit filename="src/UserApiStruct/PyCThostFtdcRemoveParkedOrderField.h" />
		<Unit filename="src/UserApiStruct/PyCThostFtdcReqApiHandshakeField.cpp" />
		<Unit filename="src/UserApiStruct/PyCThostFtdcReqApiHandshakeField.h" />
		<Unit filename="src/UserApiStruct/PyCThostFtdcReqAuthenticateField.cpp" />
		<Unit filename="src/UserApiStruct/PyCThostFtdcReqAuthenticateField.h" />
		<Unit filename="src/UserApiStruct/PyCThostFtdcReqCancelAccountField.cpp" />
		<Unit filename="src/UserApiStruct/PyCThostFtdcReqCancelAccountField.h" />
		<Unit filename="src/UserApiStruct/PyCThostFtdcReqChangeAccountField.cpp" />
		<Unit filename="src/UserApiStruct/PyCThostFtdcReqChangeAccountField.h" />
		<Unit filename="src/UserApiStruct/PyCThostFtdcReqDayEndFileReadyField.cpp" />
		<Unit filename="src/UserApiStruct/PyCThostFtdcReqDayEndFileReadyField.h" />
		<Unit filename="src/UserApiStruct/PyCThostFtdcReqFutureSignOutField.cpp" />
		<Unit filename="src/UserApiStruct/PyCThostFtdcReqFutureSignOutField.h" />
		<Unit filename="src/UserApiStruct/PyCThostFtdcReqGenUserCaptchaField.cpp" />
		<Unit filename="src/UserApiStruct/PyCThostFtdcReqGenUserCaptchaField.h" />
		<Unit filename="src/UserApiStruct/PyCThostFtdcReqGenUserTextField.cpp" />
		<Unit filename="src/UserApiStruct/PyCThostFtdcReqGenUserTextField.h" />
		<Unit filename="src/UserApiStruct/PyCThostFtdcReqOpenAccountField.cpp" />
		<Unit filename="src/UserApiStruct/PyCThostFtdcReqOpenAccountField.h" />
		<Unit filename="src/UserApiStruct/PyCThostFtdcReqQueryAccountField.cpp" />
		<Unit filename="src/UserApiStruct/PyCThostFtdcReqQueryAccountField.h" />
		<Unit filename="src/UserApiStruct/PyCThostFtdcReqQueryBankAccountBySecField.cpp" />
		<Unit filename="src/UserApiStruct/PyCThostFtdcReqQueryBankAccountBySecField.h" />
		<Unit filename="src/UserApiStruct/PyCThostFtdcReqQueryTradeResultBySerialField.cpp" />
		<Unit filename="src/UserApiStruct/PyCThostFtdcReqQueryTradeResultBySerialField.h" />
		<Unit filename="src/UserApiStruct/PyCThostFtdcReqRepealField.cpp" />
		<Unit filename="src/UserApiStruct/PyCThostFtdcReqRepealField.h" />
		<Unit filename="src/UserApiStruct/PyCThostFtdcReqSyncKeyField.cpp" />
		<Unit filename="src/UserApiStruct/PyCThostFtdcReqSyncKeyField.h" />
		<Unit filename="src/UserApiStruct/PyCThostFtdcReqTransferBySecField.cpp" />
		<Unit filename="src/UserApiStruct/PyCThostFtdcReqTransferBySecField.h" />
		<Unit filename="src/UserApiStruct/PyCThostFtdcReqTransferField.cpp" />
		<Unit filename="src/UserApiStruct/PyCThostFtdcReqTransferField.h" />
		<Unit filename="src/UserApiStruct/PyCThostFtdcReqUserAuthMethodField.cpp" />
		<Unit filename="src/UserApiStruct/PyCThostFtdcReqUserAuthMethodField.h" />
		<Unit filename="src/UserApiStruct/PyCThostFtdcReqUserLoginField.cpp" />
		<Unit filename="src/UserApiStruct/PyCThostFtdcReqUserLoginField.h" />
		<Unit filename="src/UserApiStruct/PyCThostFtdcReqUserLoginSMField.cpp" />
		<Unit filename="src/UserApiStruct/PyCThostFtdcReqUserLoginSMField.h" />
		<Unit filename="src/UserApiStruct/PyCThostFtdcReqUserLoginWithCaptchaField.cpp" />
		<Unit filename="src/UserApiStruct/PyCThostFtdcReqUserLoginWithCaptchaField.h" />
		<Unit filename="src/UserApiStruct/PyCThostFtdcReqUserLoginWithOTPField.cpp" />
		<Unit filename="src/UserApiStruct/PyCThostFtdcReqUserLoginWithOTPField.h" />
		<Unit filename="src/UserApiStruct/PyCThostFtdcReqUserLoginWithTextField.cpp" />
		<Unit filename="src/UserApiStruct/PyCThostFtdcReqUserLoginWithTextField.h" />
		<Unit filename="src/UserApiStruct/PyCThostFtdcReqVerifyApiKeyField.cpp" />
		<Unit filename="src/UserApiStruct/PyCThostFtdcReqVerifyApiKeyField.h" />
		<Unit filename="src/UserApiStruct/PyCThostFtdcReserveOpenAccountConfirmField.cpp" />
		<Unit filename="src/UserApiStruct/PyCThostFtdcReserveOpenAccountConfirmField.h" />
		<Unit filename="src/UserApiStruct/PyCThostFtdcReserveOpenAccountField.cpp" />
		<Unit filename="src/UserApiStruct/PyCThostFtdcReserveOpenAccountField.h" />
		<Unit filename="src/UserApiStruct/PyCThostFtdcReturnResultField.cpp" />
		<Unit filename="src/UserApiStruct/PyCThostFtdcReturnResultField.h" />
		<Unit filename="src/UserApiStruct/PyCThostFtdcRiskForbiddenRightField.cpp" />
		<Unit filename="src/UserApiStruct/PyCThostFtdcRiskForbiddenRightField.h" />
		<Unit filename="src/UserApiStruct/PyCThostFtdcRiskSettleInvstPositionField.cpp" />
		<Unit filename="src/UserApiStruct/PyCThostFtdcRiskSettleInvstPositionField.h" />
		<Unit filename="src/UserApiStruct/PyCThostFtdcRiskSettleProductStatusField.cpp" />
		<Unit filename="src/UserApiStruct/PyCThostFtdcRiskSettleProductStatusField.h" />
		<Unit filename="src/UserApiStruct/PyCThostFtdcRspApiHandshakeField.cpp" />
		<Unit filename="src/UserApiStruct/PyCThostFtdcRspApiHandshakeField.h" />
		<Unit filename="src/UserApiStruct/PyCThostFtdcRspAuthenticateField.cpp" />
		<Unit filename="src/UserApiStruct/PyCThostFtdcRspAuthenticateField.h" />
		<Unit filename="src/UserApiStruct/PyCThostFtdcRspFutureSignInField.cpp" />
		<Unit filename="src/UserApiStruct/PyCThostFtdcRspFutureSignInField.h" />
		<Unit filename="src/UserApiStruct/PyCThostFtdcRspFutureSignOutField.cpp" />
		<Unit filename="src/UserApiStruct/PyCThostFtdcRspFutureSignOutField.h" />
		<Unit filename="src/UserApiStruct/PyCThostFtdcRspGenUserCaptchaField.cpp" />
		<Unit filename="src/UserApiStruct/PyCThostFtdcRspGenUserCaptchaField.h" />
		<Unit filename="src/UserApiStruct/PyCThostFtdcRspGenUserTextField.cpp" />
		<Unit filename="src/UserApiStruct/PyCThostFtdcRspGenUserTextField.h" />
		<Unit filename="src/UserApiStruct/PyCThostFtdcRspInfoField.cpp" />
		<Unit filename="src/UserApiStruct/PyCThostFtdcRspInfoField.h" />
		<Unit filename="src/UserApiStruct/PyCThostFtdcRspQueryAccountField.cpp" />
		<Unit filename="src/UserApiStruct/PyCThostFtdcRspQueryAccountField.h" />
		<Unit filename="src/UserApiStruct/PyCThostFtdcRspQueryBankAccountBySecField.cpp" />
		<Unit filename="src/UserApiStruct/PyCThostFtdcRspQueryBankAccountBySecField.h" />
		<Unit filename="src/UserApiStruct/PyCThostFtdcRspQueryTradeResultBySerialField.cpp" />
		<Unit filename="src/UserApiStruct/PyCThostFtdcRspQueryTradeResultBySerialField.h" />
		<Unit filename="src/UserApiStruct/PyCThostFtdcRspRepealField.cpp" />
		<Unit filename="src/UserApiStruct/PyCThostFtdcRspRepealField.h" />
		<Unit filename="src/UserApiStruct/PyCThostFtdcRspSyncKeyField.cpp" />
		<Unit filename="src/UserApiStruct/PyCThostFtdcRspSyncKeyField.h" />
		<Unit filename="src/UserApiStruct/PyCThostFtdcRspTransferBySecField.cpp" />
		<Unit filename="src/UserApiStruct/PyCThostFtdcRspTransferBySecField.h" />
		<Unit filename="src/UserApiStruct/PyCThostFtdcRspTransferField.cpp" />
		<Unit filename="src/UserApiStruct/PyCThostFtdcRspTransferField.h" />
		<Unit filename="src/UserApiStruct/PyCThostFtdcRspUserAuthMethodField.cpp" />
		<Unit filename="src/UserApiStruct/PyCThostFtdcRspUserAuthMethodField.h" />
		<Unit filename="src/UserApiStruct/PyCThostFtdcRspUserLogin2Field.cpp" />
		<Unit filename="src/UserApiStruct/PyCThostFtdcRspUserLogin2Field.h" />
		<Unit filename="src/UserApiStruct/PyCThostFtdcRspUserLoginField.cpp" />
		<Unit filename="src/UserApiStruct/PyCThostFtdcRspUserLoginField.h" />
		<Unit filename="src/UserApiStruct/PyCThostFtdcSPBMAddOnInterParameterField.cpp" />
		<Unit filename="src/UserApiStruct/PyCThostFtdcSPBMAddOnInterParameterField.h" />
		<Unit filename="src/UserApiStruct/PyCThostFtdcSPBMFutureParameterField.cpp" />
		<Unit filename="src/UserApiStruct/PyCThostFtdcSPBMFutureParameterField.h" />
		<Unit filename="src/UserApiStruct/PyCThostFtdcSPBMInterParameterField.cpp" />
		<Unit filename="src/UserApiStruct/PyCThostFtdcSPBMInterParameterField.h" />
		<Unit filename="src/UserApiStruct/PyCThostFtdcSPBMIntraParameterField.cpp" />
		<Unit filename="src/UserApiStruct/PyCThostFtdcSPBMIntraParameterField.h" />
		<Unit filename="src/UserApiStruct/PyCThostFtdcSPBMInvestorPortfDefField.cpp" />
		<Unit filename="src/UserApiStruct/PyCThostFtdcSPBMInvestorPortfDefField.h" />
		<Unit filename="src/UserApiStruct/PyCThostFtdcSPBMOptionParameterField.cpp" />
		<Unit filename="src/UserApiStruct/PyCThostFtdcSPBMOptionParameterField.h" />
		<Unit filename="src/UserApiStruct/PyCThostFtdcSPBMPortfDefinitionField.cpp" />
		<Unit filename="src/UserApiStruct/PyCThostFtdcSPBMPortfDefinitionField.h" />
		<Unit filename="src/UserApiStruct/PyCThostFtdcSPMMInstParamField.cpp" />
		<Unit filename="src/UserApiStruct/PyCThostFtdcSPMMInstParamField.h" />
		<Unit filename="src/UserApiStruct/PyCThostFtdcSPMMProductParamField.cpp" />
		<Unit filename="src/UserApiStruct/PyCThostFtdcSPMMProductParamField.h" />
		<Unit filename="src/UserApiStruct/PyCThostFtdcSecAgentACIDMapField.cpp" />
		<Unit filename="src/UserApiStruct/PyCThostFtdcSecAgentACIDMapField.h" />
		<Unit filename="src/UserApiStruct/PyCThostFtdcSecAgentCheckModeField.cpp" />
		<Unit filename="src/UserApiStruct/PyCThostFtdcSecAgentCheckModeField.h" />
		<Unit filename="src/UserApiStruct/PyCThostFtdcSecAgentTradeInfoField.cpp" />
		<Unit filename="src/UserApiStruct/PyCThostFtdcSecAgentTradeInfoField.h" />
		<Unit filename="src/UserApiStruct/PyCThostFtdcSettlementInfoConfirmField.cpp" />
		<Unit filename="src/UserApiStruct/PyCThostFtdcSettlementInfoConfirmField.h" />
		<Unit filename="src/UserApiStruct/PyCThostFtdcSettlementInfoConfirmFromSecField.cpp" />
		<Unit filename="src/UserApiStruct/PyCThostFtdcSettlementInfoConfirmFromSecField.h" />
		<Unit filename="src/UserApiStruct/PyCThostFtdcSettlementInfoField.cpp" />
		<Unit filename="src/UserApiStruct/PyCThostFtdcSettlementInfoField.h" />
		<Unit filename="src/UserApiStruct/PyCThostFtdcSettlementRefField.cpp" />
		<Unit filename="src/UserApiStruct/PyCThostFtdcSettlementRefField.h" />
		<Unit filename="src/UserApiStruct/PyCThostFtdcSpecificInstrumentField.cpp" />
		<Unit filename="src/UserApiStruct/PyCThostFtdcSpecificInstrumentField.h" />
		<Unit filename="src/UserApiStruct/PyCThostFtdcStrikeOffsetField.cpp" />
		<Unit filename="src/UserApiStruct/PyCThostFtdcStrikeOffsetField.h" />
		<Unit filename="src/UserApiStruct/PyCThostFtdcSuperUserField.cpp" />
		<Unit filename="src/UserApiStruct/PyCThostFtdcSuperUserField.h" />
		<Unit filename="src/UserApiStruct/PyCThostFtdcSuperUserFunctionField.cpp" />
		<Unit filename="src/UserApiStruct/PyCThostFtdcSuperUserFunctionField.h" />
		<Unit filename="src/UserApiStruct/PyCThostFtdcSyncDelaySwapField.cpp" />
		<Unit filename="src/UserApiStruct/PyCThostFtdcSyncDelaySwapField.h" />
		<Unit filename="src/UserApiStruct/PyCThostFtdcSyncDelaySwapFrozenField.cpp" />
		<Unit filename="src/UserApiStruct/PyCThostFtdcSyncDelaySwapFrozenField.h" />
		<Unit filename="src/UserApiStruct/PyCThostFtdcSyncDeltaDceCombInstrumentField.cpp" />
		<Unit filename="src/UserApiStruct/PyCThostFtdcSyncDeltaDceCombInstrumentField.h" />
		<Unit filename="src/UserApiStruct/PyCThostFtdcSyncDeltaDepthMarketDataField.cpp" />
		<Unit filename="src/UserApiStruct/PyCThostFtdcSyncDeltaDepthMarketDataField.h" />
		<Unit filename="src/UserApiStruct/PyCThostFtdcSyncDeltaEWarrantOffsetField.cpp" />
		<Unit filename="src/UserApiStruct/PyCThostFtdcSyncDeltaEWarrantOffsetField.h" />
		<Unit filename="src/UserApiStruct/PyCThostFtdcSyncDeltaExchMarginRateField.cpp" />
		<Unit filename="src/UserApiStruct/PyCThostFtdcSyncDeltaExchMarginRateField.h" />
		<Unit filename="src/UserApiStruct/PyCThostFtdcSyncDeltaIndexPriceField.cpp" />
		<Unit filename="src/UserApiStruct/PyCThostFtdcSyncDeltaIndexPriceField.h" />
		<Unit filename="src/UserApiStruct/PyCThostFtdcSyncDeltaInfoField.cpp" />
		<Unit filename="src/UserApiStruct/PyCThostFtdcSyncDeltaInfoField.h" />
		<Unit filename="src/UserApiStruct/PyCThostFtdcSyncDeltaInitInvstMarginField.cpp" />
		<Unit filename="src/UserApiStruct/PyCThostFtdcSyncDeltaInitInvstMarginField.h" />
		<Unit filename="src/UserApiStruct/PyCThostFtdcSyncDeltaInvestorSPMMModelField.cpp" />
		<Unit filename="src/UserApiStruct/PyCThostFtdcSyncDeltaInvestorSPMMModelField.h" />
		<Unit filename="src/UserApiStruct/PyCThostFtdcSyncDeltaInvstCommRateField.cpp" />
		<Unit filename="src/UserApiStruct/PyCThostFtdcSyncDeltaInvstCommRateField.h" />
		<Unit filename="src/UserApiStruct/PyCThostFtdcSyncDeltaInvstMarginRateField.cpp" />
		<Unit filename="src/UserApiStruct/PyCThostFtdcSyncDeltaInvstMarginRateField.h" />
		<Unit filename="src/UserApiStruct/PyCThostFtdcSyncDeltaInvstMarginRateULField.cpp" />
		<Unit filename="src/UserApiStruct/PyCThostFtdcSyncDeltaInvstMarginRateULField.h" />
		<Unit filename="src/UserApiStruct/PyCThostFtdcSyncDeltaInvstPosCombDtlField.cpp" />
		<Unit filename="src/UserApiStruct/PyCThostFtdcSyncDeltaInvstPosCombDtlField.h" />
		<Unit filename="src/UserApiStruct/PyCThostFtdcSyncDeltaInvstPosDtlField.cpp" />
		<Unit filename="src/UserApiStruct/PyCThostFtdcSyncDeltaInvstPosDtlField.h" />
		<Unit filename="src/UserApiStruct/PyCThostFtdcSyncDeltaOptExchMarginField.cpp" />
		<Unit filename="src/UserApiStruct/PyCThostFtdcSyncDeltaOptExchMarginField.h" />
		<Unit filename="src/UserApiStruct/PyCThostFtdcSyncDeltaOptInvstCommRateField.cpp" />
		<Unit filename="src/UserApiStruct/PyCThostFtdcSyncDeltaOptInvstCommRateField.h" />
		<Unit filename="src/UserApiStruct/PyCThostFtdcSyncDeltaOptInvstMarginField.cpp" />
		<Unit filename="src/UserApiStruct/PyCThostFtdcSyncDeltaOptInvstMarginField.h" />
		<Unit filename="src/UserApiStruct/PyCThostFtdcSyncDeltaProductExchRateField.cpp" />
		<Unit filename="src/UserApiStruct/PyCThostFtdcSyncDeltaProductExchRateField.h" />
		<Unit filename="src/UserApiStruct/PyCThostFtdcSyncDeltaProductStatusField.cpp" />
		<Unit filename="src/UserApiStruct/PyCThostFtdcSyncDeltaProductStatusField.h" />
		<Unit filename="src/UserApiStruct/PyCThostFtdcSyncDeltaRCAMSCombProdInfoField.cpp" />
		<Unit filename="src/UserApiStruct/PyCThostFtdcSyncDeltaRCAMSCombProdInfoField.h" />
		<Unit filename="src/UserApiStruct/PyCThostFtdcSyncDeltaRCAMSCombRuleDtlField.cpp" />
		<Unit filename="src/UserApiStruct/PyCThostFtdcSyncDeltaRCAMSCombRuleDtlField.h" />
		<Unit filename="src/UserApiStruct/PyCThostFtdcSyncDeltaRCAMSInstrParameterField.cpp" />
		<Unit filename="src/UserApiStruct/PyCThostFtdcSyncDeltaRCAMSInstrParameterField.h" />
		<Unit filename="src/UserApiStruct/PyCThostFtdcSyncDeltaRCAMSInterParameterField.cpp" />
		<Unit filename="src/UserApiStruct/PyCThostFtdcSyncDeltaRCAMSInterParameterField.h" />
		<Unit filename="src/UserApiStruct/PyCThostFtdcSyncDeltaRCAMSIntraParameterField.cpp" />
		<Unit filename="src/UserApiStruct/PyCThostFtdcSyncDeltaRCAMSIntraParameterField.h" />
		<Unit filename="src/UserApiStruct/PyCThostFtdcSyncDeltaRCAMSInvstCombPosField.cpp" />
		<Unit filename="src/UserApiStruct/PyCThostFtdcSyncDeltaRCAMSInvstCombPosField.h" />
		<Unit filename="src/UserApiStruct/PyCThostFtdcSyncDeltaRCAMSSOptAdjParamField.cpp" />
		<Unit filename="src/UserApiStruct/PyCThostFtdcSyncDeltaRCAMSSOptAdjParamField.h" />
		<Unit filename="src/UserApiStruct/PyCThostFtdcSyncDeltaRULEInstrParameterField.cpp" />
		<Unit filename="src/UserApiStruct/PyCThostFtdcSyncDeltaRULEInstrParameterField.h" />
		<Unit filename="src/UserApiStruct/PyCThostFtdcSyncDeltaRULEInterParameterField.cpp" />
		<Unit filename="src/UserApiStruct/PyCThostFtdcSyncDeltaRULEInterParameterField.h" />
		<Unit filename="src/UserApiStruct/PyCThostFtdcSyncDeltaRULEIntraParameterField.cpp" />
		<Unit filename="src/UserApiStruct/PyCThostFtdcSyncDeltaRULEIntraParameterField.h" />
		<Unit filename="src/UserApiStruct/PyCThostFtdcSyncDeltaSPBMAddOnInterParamField.cpp" />
		<Unit filename="src/UserApiStruct/PyCThostFtdcSyncDeltaSPBMAddOnInterParamField.h" />
		<Unit filename="src/UserApiStruct/PyCThostFtdcSyncDeltaSPBMFutureParameterField.cpp" />
		<Unit filename="src/UserApiStruct/PyCThostFtdcSyncDeltaSPBMFutureParameterField.h" />
		<Unit filename="src/UserApiStruct/PyCThostFtdcSyncDeltaSPBMInterParameterField.cpp" />
		<Unit filename="src/UserApiStruct/PyCThostFtdcSyncDeltaSPBMInterParameterField.h" />
		<Unit filename="src/UserApiStruct/PyCThostFtdcSyncDeltaSPBMIntraParameterField.cpp" />
		<Unit filename="src/UserApiStruct/PyCThostFtdcSyncDeltaSPBMIntraParameterField.h" />
		<Unit filename="src/UserApiStruct/PyCThostFtdcSyncDeltaSPBMInvstPortfDefField.cpp" />
		<Unit filename="src/UserApiStruct/PyCThostFtdcSyncDeltaSPBMInvstPortfDefField.h" />
		<Unit filename="src/UserApiStruct/PyCThostFtdcSyncDeltaSPBMOptionParameterField.cpp" />
		<Unit filename="src/UserApiStruct/PyCThostFtdcSyncDeltaSPBMOptionParameterField.h" />
		<Unit filename="src/UserApiStruct/PyCThostFtdcSyncDeltaSPBMPortfDefinitionField.cpp" />
		<Unit filename="src/UserApiStruct/PyCThostFtdcSyncDeltaSPBMPortfDefinitionField.h" />
		<Unit filename="src/UserApiStruct/PyCThostFtdcSyncDeltaSPMMInstParamField.cpp" />
		<Unit filename="src/UserApiStruct/PyCThostFtdcSyncDeltaSPMMInstParamField.h" />
		<Unit filename="src/UserApiStruct/PyCThostFtdcSyncDeltaSPMMModelParamField.cpp" />
		<Unit filename="src/UserApiStruct/PyCThostFtdcSyncDeltaSPMMModelParamField.h" />
		<Unit filename="src/UserApiStruct/PyCThostFtdcSyncDeltaSPMMProductParamField.cpp" />
		<Unit filename="src/UserApiStruct/PyCThostFtdcSyncDeltaSPMMProductParamField.h" />
		<Unit filename="src/UserApiStruct/PyCThostFtdcSyncDeltaTradingAccountField.cpp" />
		<Unit filename="src/UserApiStruct/PyCThostFtdcSyncDeltaTradingAccountField.h" />
		<Unit filename="src/UserApiStruct/PyCThostFtdcSyncDepositField.cpp" />
		<Unit filename="src/UserApiStruct/PyCThostFtdcSyncDepositField.h" />
		<Unit filename="src/UserApiStruct/PyCThostFtdcSyncFundMortgageField.cpp" />
		<Unit filename="src/UserApiStruct/PyCThostFtdcSyncFundMortgageField.h" />
		<Unit filename="src/UserApiStruct/PyCThostFtdcSyncSPBMParameterEndField.cpp" />
		<Unit filename="src/UserApiStruct/PyCThostFtdcSyncSPBMParameterEndField.h" />
		<Unit filename="src/UserApiStruct/PyCThostFtdcSyncStatusField.cpp" />
		<Unit filename="src/UserApiStruct/PyCThostFtdcSyncStatusField.h" />
		<Unit filename="src/UserApiStruct/PyCThostFtdcSyncingInstrumentCommissionRateField.cpp" />
		<Unit filename="src/UserApiStruct/PyCThostFtdcSyncingInstrumentCommissionRateField.h" />
		<Unit filename="src/UserApiStruct/PyCThostFtdcSyncingInstrumentMarginRateField.cpp" />
		<Unit filename="src/UserApiStruct/PyCThostFtdcSyncingInstrumentMarginRateField.h" />
		<Unit filename="src/UserApiStruct/PyCThostFtdcSyncingInstrumentTradingRightField.cpp" />
		<Unit filename="src/UserApiStruct/PyCThostFtdcSyncingInstrumentTradingRightField.h" />
		<Unit filename="src/UserApiStruct/PyCThostFtdcSyncingInvestorField.cpp" />
		<Unit filename="src/UserApiStruct/PyCThostFtdcSyncingInvestorField.h" />
		<Unit filename="src/UserApiStruct/PyCThostFtdcSyncingInvestorGroupField.cpp" />
		<Unit filename="src/UserApiStruct/PyCThostFtdcSyncingInvestorGroupField.h" />
		<Unit filename="src/UserApiStruct/PyCThostFtdcSyncingInvestorPositionField.cpp" />
		<Unit filename="src/UserApiStruct/PyCThostFtdcSyncingInvestorPositionField.h" />
		<Unit filename="src/UserApiStruct/PyCThostFtdcSyncingTradingAccountField.cpp" />
		<Unit filename="src/UserApiStruct/PyCThostFtdcSyncingTradingAccountField.h" />
		<Unit filename="src/UserApiStruct/PyCThostFtdcSyncingTradingCodeField.cpp" />
		<Unit filename="src/UserApiStruct/PyCThostFtdcSyncingTradingCodeField.h" />
		<Unit filename="src/UserApiStruct/PyCThostFtdcTGIpAddrParamField.cpp" />
		<Unit filename="src/UserApiStruct/PyCThostFtdcTGIpAddrParamField.h" />
		<Unit filename="src/UserApiStruct/PyCThostFtdcTGSessionQryStatusField.cpp" />
		<Unit filename="src/UserApiStruct/PyCThostFtdcTGSessionQryStatusField.h" />
		<Unit filename="src/UserApiStruct/PyCThostFtdcThostUserFunctionField.cpp" />
		<Unit filename="src/UserApiStruct/PyCThostFtdcThostUserFunctionField.h" />
		<Unit filename="src/UserApiStruct/PyCThostFtdcTradeField.cpp" />
		<Unit filename="src/UserApiStruct/PyCThostFtdcTradeField.h" />
		<Unit filename="src/UserApiStruct/PyCThostFtdcTradeParamField.cpp" />
		<Unit filename="src/UserApiStruct/PyCThostFtdcTradeParamField.h" />
		<Unit filename="src/UserApiStruct/PyCThostFtdcTraderAssignField.cpp" />
		<Unit filename="src/UserApiStruct/PyCThostFtdcTraderAssignField.h" />
		<Unit filename="src/UserApiStruct/PyCThostFtdcTraderField.cpp" />
		<Unit filename="src/UserApiStruct/PyCThostFtdcTraderField.h" />
		<Unit filename="src/UserApiStruct/PyCThostFtdcTraderOfferField.cpp" />
		<Unit filename="src/UserApiStruct/PyCThostFtdcTraderOfferField.h" />
		<Unit filename="src/UserApiStruct/PyCThostFtdcTradingAccountField.cpp" />
		<Unit filename="src/UserApiStruct/PyCThostFtdcTradingAccountField.h" />
		<Unit filename="src/UserApiStruct/PyCThostFtdcTradingAccountPasswordField.cpp" />
		<Unit filename="src/UserApiStruct/PyCThostFtdcTradingAccountPasswordField.h" />
		<Unit filename="src/UserApiStruct/PyCThostFtdcTradingAccountPasswordUpdateField.cpp" />
		<Unit filename="src/UserApiStruct/PyCThostFtdcTradingAccountPasswordUpdateField.h" />
		<Unit filename="src/UserApiStruct/PyCThostFtdcTradingAccountPasswordUpdateFromSecField.cpp" />
		<Unit filename="src/UserApiStruct/PyCThostFtdcTradingAccountPasswordUpdateFromSecField.h" />
		<Unit filename="src/UserApiStruct/PyCThostFtdcTradingAccountPasswordUpdateV1Field.cpp" />
		<Unit filename="src/UserApiStruct/PyCThostFtdcTradingAccountPasswordUpdateV1Field.h" />
		<Unit filename="src/UserApiStruct/PyCThostFtdcTradingAccountReserveField.cpp" />
		<Unit filename="src/UserApiStruct/PyCThostFtdcTradingAccountReserveField.h" />
		<Unit filename="src/UserApiStruct/PyCThostFtdcTradingCodeField.cpp" />
		<Unit filename="src/UserApiStruct/PyCThostFtdcTradingCodeField.h" />
		<Unit filename="src/UserApiStruct/PyCThostFtdcTradingNoticeField.cpp" />
		<Unit filename="src/UserApiStruct/PyCThostFtdcTradingNoticeField.h" />
		<Unit filename="src/UserApiStruct/PyCThostFtdcTradingNoticeInfoField.cpp" />
		<Unit filename="src/UserApiStruct/PyCThostFtdcTradingNoticeInfoField.h" />
		<Unit filename="src/UserApiStruct/PyCThostFtdcTransferBankField.cpp" />
		<Unit filename="src/UserApiStruct/PyCThostFtdcTransferBankField.h" />
		<Unit filename="src/UserApiStruct/PyCThostFtdcTransferBankToFutureReqField.cpp" />
		<Unit filename="src/UserApiStruct/PyCThostFtdcTransferBankToFutureReqField.h" />
		<Unit filename="src/UserApiStruct/PyCThostFtdcTransferBankToFutureRspField.cpp" />
		<Unit filename="src/UserApiStruct/PyCThostFtdcTransferBankToFutureRspField.h" />
		<Unit filename="src/UserApiStruct/PyCThostFtdcTransferFutureToBankReqField.cpp" />
		<Unit filename="src/UserApiStruct/PyCThostFtdcTransferFutureToBankReqField.h" />
		<Unit filename="src/UserApiStruct/PyCThostFtdcTransferFutureToBankRspField.cpp" />
		<Unit filename="src/UserApiStruct/PyCThostFtdcTransferFutureToBankRspField.h" />
		<Unit filename="src/UserApiStruct/PyCThostFtdcTransferHeaderField.cpp" />
		<Unit filename="src/UserApiStruct/PyCThostFtdcTransferHeaderField.h" />
		<Unit filename="src/UserApiStruct/PyCThostFtdcTransferQryBankReqField.cpp" />
		<Unit filename="src/UserApiStruct/PyCThostFtdcTransferQryBankReqField.h" />
		<Unit filename="src/UserApiStruct/PyCThostFtdcTransferQryBankRspField.cpp" />
		<Unit filename="src/UserApiStruct/PyCThostFtdcTransferQryBankRspField.h" />
		<Unit filename="src/UserApiStruct/PyCThostFtdcTransferQryDetailReqField.cpp" />
		<Unit filename="src/UserApiStruct/PyCThostFtdcTransferQryDetailReqField.h" />
		<Unit filename="src/UserApiStruct/PyCThostFtdcTransferQryDetailRspField.cpp" />
		<Unit filename="src/UserApiStruct/PyCThostFtdcTransferQryDetailRspField.h" />
		<Unit filename="src/UserApiStruct/PyCThostFtdcTransferSerialField.cpp" />
		<Unit filename="src/UserApiStruct/PyCThostFtdcTransferSerialField.h" />
		<Unit filename="src/UserApiStruct/PyCThostFtdcUserIPField.cpp" />
		<Unit filename="src/UserApiStruct/PyCThostFtdcUserIPField.h" />
		<Unit filename="src/UserApiStruct/PyCThostFtdcUserLogoutField.cpp" />
		<Unit filename="src/UserApiStruct/PyCThostFtdcUserLogoutField.h" />
		<Unit filename="src/UserApiStruct/PyCThostFtdcUserPasswordUpdateField.cpp" />
		<Unit filename="src/UserApiStruct/PyCThostFtdcUserPasswordUpdateField.h" />
		<Unit filename="src/UserApiStruct/PyCThostFtdcUserPasswordUpdateFromSecField.cpp" />
		<Unit filename="src/UserApiStruct/PyCThostFtdcUserPasswordUpdateFromSecField.h" />
		<Unit filename="src/UserApiStruct/PyCThostFtdcUserRightField.cpp" />
		<Unit filename="src/UserApiStruct/PyCThostFtdcUserRightField.h" />
		<Unit filename="src/UserApiStruct/PyCThostFtdcUserRightsAssignField.cpp" />
		<Unit filename="src/UserApiStruct/PyCThostFtdcUserRightsAssignField.h" />
		<Unit filename="src/UserApiStruct/PyCThostFtdcUserSessionField.cpp" />
		<Unit filename="src/UserApiStruct/PyCThostFtdcUserSessionField.h" />
		<Unit filename="src/UserApiStruct/PyCThostFtdcUserSystemInfoField.cpp" />
		<Unit filename="src/UserApiStruct/PyCThostFtdcUserSystemInfoField.h" />
		<Unit filename="src/UserApiStruct/PyCThostFtdcVerifyCustInfoField.cpp" />
		<Unit filename="src/UserApiStruct/PyCThostFtdcVerifyCustInfoField.h" />
		<Unit filename="src/UserApiStruct/PyCThostFtdcVerifyFuturePasswordAndCustInfoField.cpp" />
		<Unit filename="src/UserApiStruct/PyCThostFtdcVerifyFuturePasswordAndCustInfoField.h" />
		<Unit filename="src/UserApiStruct/PyCThostFtdcVerifyFuturePasswordField.cpp" />
		<Unit filename="src/UserApiStruct/PyCThostFtdcVerifyFuturePasswordField.h" />
		<Unit filename="src/UserApiStruct/PyCThostFtdcVerifyInvestorPasswordField.cpp" />
		<Unit filename="src/UserApiStruct/PyCThostFtdcVerifyInvestorPasswordField.h" />
		<Unit filename="src/UserApiStruct/PyCThostFtdcWithDrawParamField.cpp" />
		<Unit filename="src/UserApiStruct/PyCThostFtdcWithDrawParamField.h" />
		<Unit filename="src/stdafx.cpp">
			<Option compilerVar="CC" />
		</Unit>
		<Unit filename="src/stdafx.h" />
		<Unit filename="src/test_PyCTP.py" />
		<Extensions>
			<code_completion>
				<search_path add="/usr/include/python2.7" />
				<search_path add="/usr/include/python3.6m" />
				<search_path add="/usr/local/include/python3.9" />
				<search_path add="/data/lab/PyCTP/ctp/clientdatacollect/sfit_pro_1.0_20220124_1468_FIX/clientdatacollectdll" />
				<search_path add="/data/lab/PyCTP/ctp/v6.7.9_P1_20250319/api/v6.7.9_P1_20250319_traderapi/v6.7.9_P1_20250319_traderapi/v6.7.9_P1_20250319_api_traderapi_linux64/v6.7.9_P1_20250319_api/v6.7.9_P1_20250319_api_traderapi_se_linux64" />
			</code_completion>
			<debugger />
			<envvars />
		</Extensions>
	</Project>
</CodeBlocks_project_file>
